# THIS IS AN AUTOGENERATED FILE. DO NOT EDIT THIS FILE DIRECTLY.
# yarn lockfile v1


"@babel/generator@^7.4.0":
  version "7.4.4"
  resolved "http://localhost:4873/@babel%2fgenerator/-/generator-7.4.4.tgz#174a215eb843fc392c7edcaabeaa873de6e8f041"
  integrity sha512-53UOLK6TVNqKxf7RUh8NE851EHRxOOeVXKbK2bivdb+iziMyk03Sr4eaE9OELCbyZAAafAKPDwF2TPUES5QbxQ==
  dependencies:
    "@babel/types" "^7.4.4"
    jsesc "^2.5.1"
    lodash "^4.17.11"
    source-map "^0.5.0"
    trim-right "^1.0.1"

"@babel/types@^7.3.3", "@babel/types@^7.4.4":
  version "7.4.4"
  resolved "http://localhost:4873/@babel%2ftypes/-/types-7.4.4.tgz#8db9e9a629bb7c29370009b4b779ed93fe57d5f0"
  integrity sha512-dOllgYdnEFOebhkKCjzSVFqw/PmmB8pH6RGOWkY4GsboQNd47b1fBThBSwlHAq9alF9vc1M3+6oqR47R50L0tQ==
  dependencies:
    esutils "^2.0.2"
    lodash "^4.17.11"
    to-fast-properties "^2.0.0"

"@starptech/prettyhtml-hast-to-html@^0.8.17":
  version "0.8.17"
  resolved "http://localhost:4873/@starptech%2fprettyhtml-hast-to-html/-/prettyhtml-hast-to-html-0.8.17.tgz#f5bc500d2b03fed3c275d97bdfe4207b22fded39"
  integrity sha512-WXVMJ60ra2Z/X91fXKLqBuCIJ+Xpc9PHSQ90ilzjocvziqKXkBGwio3oLjj/UKDSsh/gUZLsaTkXKFNFg/zx3w==
  dependencies:
    ccount "^1.0.3"
    comma-separated-tokens "^1.0.5"
    hast-util-is-element "^1.0.1"
    hast-util-whitespace "^1.0.1"
    html-void-elements "^1.0.3"
    html-whitespace-sensitive-tag-names "^1.0.0"
    property-information "^5.0.1"
    repeat-string "^1.6.1"
    space-separated-tokens "^1.1.2"
    stringify-entities "^1.3.2"
    unist-util-is "^2.1.2"
    xtend "^4.0.1"

"@teleporthq/teleport-component-generator-react@^0.6.0":
  version "0.6.0"
  resolved "http://localhost:4873/@teleporthq%2fteleport-component-generator-react/-/teleport-component-generator-react-0.6.0.tgz#00eb2cf785611dc0b523532499a276a7714dd36b"
  integrity sha512-8SXctU3+H/J1BhwbgR8r73UXQZqIru/iFiGQGzqUMJuaIvQbnpMwwbqB4zV+FXolVRjuSYFTWmk4g9VkGmRgnA==
  dependencies:
    "@teleporthq/teleport-generator-core" "^0.6.0"
    "@teleporthq/teleport-generator-shared" "^0.6.0"
    "@teleporthq/teleport-plugin-import-statements" "^0.6.0"
    "@teleporthq/teleport-plugin-react-app-routing" "^0.6.0"
    "@teleporthq/teleport-plugin-react-base-component" "^0.6.0"
    "@teleporthq/teleport-plugin-react-inline-styles" "^0.6.0"
    "@teleporthq/teleport-plugin-react-proptypes" "^0.6.0"
    "@teleporthq/teleport-plugin-react-styled-jsx" "^0.6.0"

"@teleporthq/teleport-component-generator-vue@^0.6.0":
  version "0.6.0"
  resolved "http://localhost:4873/@teleporthq%2fteleport-component-generator-vue/-/teleport-component-generator-vue-0.6.0.tgz#c8024b5b6c875b173acf3f38a3e1ba8d2630ac1f"
  integrity sha512-Gze43MuGfUI1Jc6o8fHxqNiCpOHYV5bI9h16IUpjnPLp0cGH1r2haf6c/elSE7I+a7EbXnr7QYzCOWhzB08x5Q==
  dependencies:
    "@teleporthq/teleport-generator-core" "^0.6.0"
    "@teleporthq/teleport-generator-shared" "^0.6.0"
    "@teleporthq/teleport-plugin-import-statements" "^0.6.0"
    "@teleporthq/teleport-plugin-vue-app-routing" "^0.6.0"
    "@teleporthq/teleport-plugin-vue-base-component" "^0.6.0"
    "@teleporthq/teleport-plugin-vue-css" "^0.6.0"

"@teleporthq/teleport-generator-core@^0.6.0":
  version "0.6.0"
  resolved "http://localhost:4873/@teleporthq%2fteleport-generator-core/-/teleport-generator-core-0.6.0.tgz#125b6a3288fe976d26043d7f190040eba085e3d8"
  integrity sha512-ewjPxovb0hSfJqxOnsjDz9YPcIcjknGODw5Woahcrnojh7S9BrjT3ySaVwVTgESUTbnIpqkrSv1z25RhhY0Ixg==
  dependencies:
    "@teleporthq/teleport-generator-shared" "^0.6.0"
    ajv "^6.10.0"

"@teleporthq/teleport-generator-shared@^0.6.0":
  version "0.6.0"
  resolved "http://localhost:4873/@teleporthq%2fteleport-generator-shared/-/teleport-generator-shared-0.6.0.tgz#76e65ce2b262b0f4106e4abf43473e0749e8a111"
  integrity sha512-VV2GfFFzLkDeDfFwdcbl9CmcIQR2BMWP6enS0ffWOYulUzBp5g8nkipAxwCpGf5DOwqJ78Ds4w3rrvPffn7GwA==
  dependencies:
    "@babel/generator" "^7.4.0"
    "@babel/types" "^7.3.3"
    "@starptech/prettyhtml-hast-to-html" "^0.8.17"
    jss "^9.8.7"
    jss-preset-default "^4.5.0"
    prettier "^1.17.0"

"@teleporthq/teleport-plugin-import-statements@^0.6.0":
  version "0.6.0"
  resolved "http://localhost:4873/@teleporthq%2fteleport-plugin-import-statements/-/teleport-plugin-import-statements-0.6.0.tgz#7c684d2a6f67d43d41a26f663f249d08adfb07f3"
  integrity sha512-vEimQdUkI4OblQ/JgxC1ubtnB7kt6mugKd8a3y7e/urigTl3A1hwvcLByBQxHDpgWLUoRFfnO4585aYxBGN24w==
  dependencies:
    "@teleporthq/teleport-generator-shared" "^0.6.0"

"@teleporthq/teleport-plugin-react-app-routing@^0.6.0":
  version "0.6.0"
  resolved "http://localhost:4873/@teleporthq%2fteleport-plugin-react-app-routing/-/teleport-plugin-react-app-routing-0.6.0.tgz#eaee096fc7866114e81aeaa8d1bc457c75ca555f"
  integrity sha512-pePZZjU9WIZ47Ok76bFR4cwyEDoIxKgWKmT0zE7fSpS8palkHLopeJanOsz/188jPIRxx9RaeA+SZ/1I5O5l+g==
  dependencies:
    "@babel/types" "^7.3.3"
    "@teleporthq/teleport-generator-shared" "^0.6.0"

"@teleporthq/teleport-plugin-react-base-component@^0.6.0":
  version "0.6.0"
  resolved "http://localhost:4873/@teleporthq%2fteleport-plugin-react-base-component/-/teleport-plugin-react-base-component-0.6.0.tgz#7fa465275e2fa4e1c2f6c72acefa93f3058d6a36"
  integrity sha512-P1jS1Ocl9FQwX+CJzoMEmbEFv819QIA0mqH1lzfrB/aX5DzcteMoA528YuKMdKnSkm1+TrjTgbHaPJ8anmHvXA==
  dependencies:
    "@babel/types" "^7.3.3"
    "@teleporthq/teleport-generator-shared" "^0.6.0"

"@teleporthq/teleport-plugin-react-inline-styles@^0.6.0":
  version "0.6.0"
  resolved "http://localhost:4873/@teleporthq%2fteleport-plugin-react-inline-styles/-/teleport-plugin-react-inline-styles-0.6.0.tgz#4ae765a788be50be882effee747ef7aacfdf8638"
  integrity sha512-KLjjH8b11TZzkA8OzYuan3DO8Pi+HrBTDfVMxz6HOuf6zCBMIB8rrCAKzL3RahIiQa1Js326y4wAEVw/TLgrSw==
  dependencies:
    "@babel/types" "^7.3.3"
    "@teleporthq/teleport-generator-shared" "^0.6.0"

"@teleporthq/teleport-plugin-react-proptypes@^0.6.0":
  version "0.6.0"
  resolved "http://localhost:4873/@teleporthq%2fteleport-plugin-react-proptypes/-/teleport-plugin-react-proptypes-0.6.0.tgz#50eb97c7fd7aed817ebb744c70acd9797107a14c"
  integrity sha512-FLcFkqzzzK9yuXm66KsCkPsQoQwZIOgIlTQztieC2qF7VxIRZ2MFoe40QK2RjWcLlzxKqV+IpAfmuedXZJuGSA==
  dependencies:
    "@babel/types" "^7.3.3"
    "@teleporthq/teleport-generator-shared" "^0.6.0"

"@teleporthq/teleport-plugin-react-styled-jsx@^0.6.0":
  version "0.6.0"
  resolved "http://localhost:4873/@teleporthq%2fteleport-plugin-react-styled-jsx/-/teleport-plugin-react-styled-jsx-0.6.0.tgz#9937772c7b3b4491729fbadff918dd423dd2c107"
  integrity sha512-ZLTrS4K9hdk5MVzAPrrOA0jsrlkDureRulOYhPpZsuXqHPlQMpT84G136icZxrzc1BPur61tPUvmcetXWFRFxA==
  dependencies:
    "@teleporthq/teleport-generator-shared" "^0.6.0"

"@teleporthq/teleport-plugin-vue-app-routing@^0.6.0":
  version "0.6.0"
  resolved "http://localhost:4873/@teleporthq%2fteleport-plugin-vue-app-routing/-/teleport-plugin-vue-app-routing-0.6.0.tgz#610eec22f993abc4164999f6406734f1415fe149"
  integrity sha512-ffYdUqyiIYuCQtRRwllZlX13NNLGUhAWNuukf290QZZjByqrSP/GyWN7TlwU7Q/iZbq5wKR5SVutzqTpl+B5yg==
  dependencies:
    "@babel/types" "^7.3.3"
    "@teleporthq/teleport-generator-shared" "^0.6.0"

"@teleporthq/teleport-plugin-vue-base-component@^0.6.0":
  version "0.6.0"
  resolved "http://localhost:4873/@teleporthq%2fteleport-plugin-vue-base-component/-/teleport-plugin-vue-base-component-0.6.0.tgz#6872f6545e46b6ab08c9a770753c029b6509860c"
  integrity sha512-39Kb7nkv/ciGeBjr4p3j/juOEIQToLKu9Q+Fe8JV6FSmwxNvf3MTJ7RO4qfUy6VnckaRR+/9EO70aCT1iu+ByQ==
  dependencies:
    "@babel/types" "^7.3.3"
    "@teleporthq/teleport-generator-shared" "^0.6.0"

"@teleporthq/teleport-plugin-vue-css@^0.6.0":
  version "0.6.0"
  resolved "http://localhost:4873/@teleporthq%2fteleport-plugin-vue-css/-/teleport-plugin-vue-css-0.6.0.tgz#c558026d8f0692c0a5d528dfd16c5be88b05ad4a"
  integrity sha512-iNb6SN2ef5D/VMvm+gtD2xnA/ak3oMyfmpuBLJ9ufBhFeYVW/7DXKA2wmzb05pCvvb3s8GmJpMiIZuZBoTou2A==
  dependencies:
    "@teleporthq/teleport-generator-shared" "^0.6.0"

"@teleporthq/teleport-project-generator-react-basic@^0.6.0":
  version "0.6.0"
  resolved "http://localhost:4873/@teleporthq%2fteleport-project-generator-react-basic/-/teleport-project-generator-react-basic-0.6.0.tgz#e516bf61940288d31eb93aded9ff58fff8715490"
  integrity sha512-9SCi2brlIrrRfz/IaiFyBxETcYaqYDFae20Ntk4r3vW9NCO6jut2DSI+qBzd9+0H64zeTY2cBkfzpiRwvtB8UQ==
  dependencies:
    "@teleporthq/teleport-component-generator-react" "^0.6.0"
    "@teleporthq/teleport-generator-core" "^0.6.0"
    "@teleporthq/teleport-generator-shared" "^0.6.0"

"@teleporthq/teleport-project-generator-react-next@^0.6.0":
  version "0.6.0"
  resolved "http://localhost:4873/@teleporthq%2fteleport-project-generator-react-next/-/teleport-project-generator-react-next-0.6.0.tgz#f435d2dcd6dc20ba7fec8b17bd66919ab868f107"
  integrity sha512-va7TWxxoi68yzrTeR8+wGeeVCumi4zOMZ7HQ07m+8HRxfS+6l+wze5nEnTaVkuMn52RJix3ZYyViGMo3BmD3dg==
  dependencies:
    "@babel/types" "^7.3.3"
    "@teleporthq/teleport-component-generator-react" "^0.6.0"
    "@teleporthq/teleport-generator-core" "^0.6.0"
    "@teleporthq/teleport-generator-shared" "^0.6.0"

"@teleporthq/teleport-project-generator-vue-basic@^0.6.0":
  version "0.6.0"
  resolved "http://localhost:4873/@teleporthq%2fteleport-project-generator-vue-basic/-/teleport-project-generator-vue-basic-0.6.0.tgz#b22224f202b9a8b98f117c527b0f88eb9aab92a5"
  integrity sha512-/qrzVFa7rvmmF76Bjin0OKVRtpjPJajGrk7Lf2ewNPOp3cxRlXDJ2QhYM5tMWb/JSw/UPu1dld9yWCIVFK1+2Q==
  dependencies:
    "@teleporthq/teleport-component-generator-vue" "^0.6.0"
    "@teleporthq/teleport-generator-core" "^0.6.0"
    "@teleporthq/teleport-generator-shared" "^0.6.0"

"@teleporthq/teleport-project-generator-vue-nuxt@^0.6.0":
  version "0.6.0"
  resolved "http://localhost:4873/@teleporthq%2fteleport-project-generator-vue-nuxt/-/teleport-project-generator-vue-nuxt-0.6.0.tgz#b9778ca69d28c417e666db53464c478273e2f9c1"
  integrity sha512-3OyuFCEyP07P3mlvSZ7QjFBasreWX50r+Pdkdy2XkUMKV7l4X7M6mw1B7HenYV/sgV6ZRENDQN5fyPF7/d6oZQ==
  dependencies:
    "@teleporthq/teleport-component-generator-vue" "^0.6.0"
    "@teleporthq/teleport-generator-core" "^0.6.0"
    "@teleporthq/teleport-generator-shared" "^0.6.0"

ajv@^6.10.0:
  version "6.10.0"
  resolved "http://localhost:4873/ajv/-/ajv-6.10.0.tgz#90d0d54439da587cd7e843bfb7045f50bd22bdf1"
  integrity sha512-nffhOpkymDECQyR0mnsUtoCE8RlX38G0rYP+wgLWFyZuUyuuojSSvi/+euOiQBIn63whYwYVIIH1TvE3tu4OEg==
  dependencies:
    fast-deep-equal "^2.0.1"
    fast-json-stable-stringify "^2.0.0"
    json-schema-traverse "^0.4.1"
    uri-js "^4.2.2"

arg@^4.1.0:
  version "4.1.0"
  resolved "http://localhost:4873/arg/-/arg-4.1.0.tgz#583c518199419e0037abb74062c37f8519e575f0"
  integrity sha512-ZWc51jO3qegGkVh8Hwpv636EkbesNV5ZNQPCtRa+0qytRYPEs9IYT9qITY9buezqUH5uqyzlWLcufrzU2rffdg==

balanced-match@^1.0.0:
  version "1.0.0"
  resolved "http://localhost:4873/balanced-match/-/balanced-match-1.0.0.tgz#89b4d199ab2bee49de164ea02b89ce462d71b767"
  integrity sha1-ibTRmasr7kneFk6gK4nORi1xt2c=

brace-expansion@^1.1.7:
  version "1.1.11"
  resolved "http://localhost:4873/brace-expansion/-/brace-expansion-1.1.11.tgz#3c7fcbf529d87226f3d2f52b966ff5271eb441dd"
  integrity sha512-iCuPHDFgrHX7H2vEI/5xpz07zSHB00TpugqhmYtVmMO6518mCuRMoOYFldEBl0g187ufozdaHgWKcYFb61qGiA==
  dependencies:
    balanced-match "^1.0.0"
    concat-map "0.0.1"

buffer-from@^1.0.0:
  version "1.1.1"
  resolved "http://localhost:4873/buffer-from/-/buffer-from-1.1.1.tgz#32713bc028f75c02fdb710d7c7bcec1f2c6070ef"
  integrity sha512-MQcXEUbCKtEo7bhqEs6560Hyd4XaovZlO/k9V3hjVUF/zwW7KBVdSK4gIt/bzwS9MbR5qob+F5jusZsb0YQK2A==

ccount@^1.0.3:
  version "1.0.3"
  resolved "http://localhost:4873/ccount/-/ccount-1.0.3.tgz#f1cec43f332e2ea5a569fd46f9f5bde4e6102aff"
  integrity sha512-Jt9tIBkRc9POUof7QA/VwWd+58fKkEEfI+/t1/eOlxKM7ZhrczNzMFefge7Ai+39y1pR/pP6cI19guHy3FSLmw==

character-entities-html4@^1.0.0:
  version "1.1.2"
  resolved "http://localhost:4873/character-entities-html4/-/character-entities-html4-1.1.2.tgz#c44fdde3ce66b52e8d321d6c1bf46101f0150610"
  integrity sha512-sIrXwyna2+5b0eB9W149izTPJk/KkJTg6mEzDGibwBUkyH1SbDa+nf515Ppdi3MaH35lW0JFJDWeq9Luzes1Iw==

character-entities-legacy@^1.0.0:
  version "1.1.2"
  resolved "http://localhost:4873/character-entities-legacy/-/character-entities-legacy-1.1.2.tgz#7c6defb81648498222c9855309953d05f4d63a9c"
  integrity sha512-9NB2VbXtXYWdXzqrvAHykE/f0QJxzaKIpZ5QzNZrrgQ7Iyxr2vnfS8fCBNVW9nUEZE0lo57nxKRqnzY/dKrwlA==

comma-separated-tokens@^1.0.5:
  version "1.0.6"
  resolved "http://localhost:4873/comma-separated-tokens/-/comma-separated-tokens-1.0.6.tgz#3cd3d8adc725ab473843db338bcdfd4a7bb087bf"
  integrity sha512-f20oA7jsrrmERTS70r3tmRSxR8IJV2MTN7qe6hzgX+3ARfXrdMJFvGWvWQK0xpcBurg9j9eO2MiqzZ8Y+/UPCA==

concat-map@0.0.1:
  version "0.0.1"
  resolved "http://localhost:4873/concat-map/-/concat-map-0.0.1.tgz#d8a96bd77fd68df7793a73036a3ba0d5405d477b"
  integrity sha1-2Klr13/Wjfd5OnMDajug1UBdR3s=

css-vendor@^0.3.8:
  version "0.3.8"
  resolved "http://localhost:4873/css-vendor/-/css-vendor-0.3.8.tgz#6421cfd3034ce664fe7673972fd0119fc28941fa"
  integrity sha1-ZCHP0wNM5mT+dnOXL9ARn8KJQfo=
  dependencies:
    is-in-browser "^1.0.2"

diff@^3.1.0:
  version "3.5.0"
  resolved "http://localhost:4873/diff/-/diff-3.5.0.tgz#800c0dd1e0a8bfbc95835c202ad220fe317e5a12"
  integrity sha512-A46qtFgd+g7pDZinpnwiRJtxbC1hpgf0uzP3iG89scHk0AUC7A1TGxf5OiiOUv/JMZR8GOt8hL900hV0bOy5xA==

esutils@^2.0.2:
  version "2.0.2"
  resolved "http://localhost:4873/esutils/-/esutils-2.0.2.tgz#0abf4f1caa5bcb1f7a9d8acc6dea4faaa04bac9b"
  integrity sha1-Cr9PHKpbyx96nYrMbepPqqBLrJs=

fast-deep-equal@^2.0.1:
  version "2.0.1"
  resolved "http://localhost:4873/fast-deep-equal/-/fast-deep-equal-2.0.1.tgz#7b05218ddf9667bf7f370bf7fdb2cb15fdd0aa49"
  integrity sha1-ewUhjd+WZ79/Nwv3/bLLFf3Qqkk=

fast-json-stable-stringify@^2.0.0:
  version "2.0.0"
  resolved "http://localhost:4873/fast-json-stable-stringify/-/fast-json-stable-stringify-2.0.0.tgz#d5142c0caee6b1189f87d3a76111064f86c8bbf2"
  integrity sha1-1RQsDK7msRifh9OnYREGT4bIu/I=

fs.realpath@^1.0.0:
  version "1.0.0"
  resolved "http://localhost:4873/fs.realpath/-/fs.realpath-1.0.0.tgz#1504ad2523158caa40db4a2787cb01411994ea4f"
  integrity sha1-FQStJSMVjKpA20onh8sBQRmU6k8=

glob@^7.1.3:
  version "7.1.3"
  resolved "http://localhost:4873/glob/-/glob-7.1.3.tgz#3960832d3f1574108342dafd3a67b332c0969df1"
  integrity sha512-vcfuiIxogLV4DlGBHIUOwI0IbrJ8HWPc4MU7HzviGeNho/UJDfi6B5p3sHeWIQ0KGIU0Jpxi5ZHxemQfLkkAwQ==
  dependencies:
    fs.realpath "^1.0.0"
    inflight "^1.0.4"
    inherits "2"
    minimatch "^3.0.4"
    once "^1.3.0"
    path-is-absolute "^1.0.0"

hast-util-is-element@^1.0.1:
  version "1.0.2"
  resolved "http://localhost:4873/hast-util-is-element/-/hast-util-is-element-1.0.2.tgz#c23c9428b6a5a4e323bf9e16f87417476314981b"
  integrity sha512-4MEtyofNi3ZunPFrp9NpTQdNPN24xvLX3M+Lr/RGgPX6TLi+wR4/DqeoyQ7lwWcfUp4aevdt4RR0r7ZQPFbHxw==

hast-util-whitespace@^1.0.1:
  version "1.0.2"
  resolved "http://localhost:4873/hast-util-whitespace/-/hast-util-whitespace-1.0.2.tgz#c97153a3fbc9091a14fd823830a47724e7a1da99"
  integrity sha512-4JT8B0HKPHBMFZdDQzexjxwhKx9TrpV/+uelvmqlPu8RqqDrnNIEHDtDZCmgE+4YmcFAtKVPLmnY3dQGRaN53A==

html-void-elements@^1.0.3:
  version "1.0.3"
  resolved "http://localhost:4873/html-void-elements/-/html-void-elements-1.0.3.tgz#956707dbecd10cf658c92c5d27fee763aa6aa982"
  integrity sha512-SaGhCDPXJVNrQyKMtKy24q6IMdXg5FCPN3z+xizxw9l+oXQw5fOoaj/ERU5KqWhSYhXtW5bWthlDbTDLBhJQrA==

html-whitespace-sensitive-tag-names@^1.0.0:
  version "1.0.0"
  resolved "http://localhost:4873/html-whitespace-sensitive-tag-names/-/html-whitespace-sensitive-tag-names-1.0.0.tgz#fd6ed3a3d631ce29341aefe26a8fea720d3adfa7"
  integrity sha1-/W7To9Yxzik0Gu/iao/qcg0636c=

hyphenate-style-name@^1.0.2:
  version "1.0.3"
  resolved "http://localhost:4873/hyphenate-style-name/-/hyphenate-style-name-1.0.3.tgz#097bb7fa0b8f1a9cf0bd5c734cf95899981a9b48"
  integrity sha512-EcuixamT82oplpoJ2XU4pDtKGWQ7b00CD9f1ug9IaQ3p1bkHMiKCZ9ut9QDI6qsa6cpUuB+A/I+zLtdNK4n2DQ==

inflight@^1.0.4:
  version "1.0.6"
  resolved "http://localhost:4873/inflight/-/inflight-1.0.6.tgz#49bd6331d7d02d0c09bc910a1075ba8165b56df9"
  integrity sha1-Sb1jMdfQLQwJvJEKEHW6gWW1bfk=
  dependencies:
    once "^1.3.0"
    wrappy "1"

inherits@2:
  version "2.0.3"
  resolved "http://localhost:4873/inherits/-/inherits-2.0.3.tgz#633c2c83e3da42a502f52466022480f4208261de"
  integrity sha1-Yzwsg+PaQqUC9SRmAiSA9CCCYd4=

is-alphabetical@^1.0.0:
  version "1.0.2"
  resolved "http://localhost:4873/is-alphabetical/-/is-alphabetical-1.0.2.tgz#1fa6e49213cb7885b75d15862fb3f3d96c884f41"
  integrity sha512-V0xN4BYezDHcBSKb1QHUFMlR4as/XEuCZBzMJUU4n7+Cbt33SmUnSol+pnXFvLxSHNq2CemUXNdaXV6Flg7+xg==

is-alphanumerical@^1.0.0:
  version "1.0.2"
  resolved "http://localhost:4873/is-alphanumerical/-/is-alphanumerical-1.0.2.tgz#1138e9ae5040158dc6ff76b820acd6b7a181fd40"
  integrity sha512-pyfU/0kHdISIgslFfZN9nfY1Gk3MquQgUm1mJTjdkEPpkAKNWuBTSqFwewOpR7N351VkErCiyV71zX7mlQQqsg==
  dependencies:
    is-alphabetical "^1.0.0"
    is-decimal "^1.0.0"

is-decimal@^1.0.0:
  version "1.0.2"
  resolved "http://localhost:4873/is-decimal/-/is-decimal-1.0.2.tgz#894662d6a8709d307f3a276ca4339c8fa5dff0ff"
  integrity sha512-TRzl7mOCchnhchN+f3ICUCzYvL9ul7R+TYOsZ8xia++knyZAJfv/uA1FvQXsAnYIl1T3B2X5E/J7Wb1QXiIBXg==

is-hexadecimal@^1.0.0:
  version "1.0.2"
  resolved "http://localhost:4873/is-hexadecimal/-/is-hexadecimal-1.0.2.tgz#b6e710d7d07bb66b98cb8cece5c9b4921deeb835"
  integrity sha512-but/G3sapV3MNyqiDBLrOi4x8uCIw0RY3o/Vb5GT0sMFHrVV7731wFSVy41T5FO1og7G0gXLJh0MkgPRouko/A==

is-in-browser@^1.0.2, is-in-browser@^1.1.3:
  version "1.1.3"
  resolved "http://localhost:4873/is-in-browser/-/is-in-browser-1.1.3.tgz#56ff4db683a078c6082eb95dad7dc62e1d04f835"
  integrity sha1-Vv9NtoOgeMYILrldrX3GLh0E+DU=

"js-tokens@^3.0.0 || ^4.0.0":
  version "4.0.0"
  resolved "http://localhost:4873/js-tokens/-/js-tokens-4.0.0.tgz#19203fb59991df98e3a287050d4647cdeaf32499"
  integrity sha512-RdJUflcE3cUzKiMqQgsCu06FPu9UdIJO0beYbPhHN4k6apgJtifcoCtT9bcxOpYBtpD2kCM6Sbzg4CausW/PKQ==

jsesc@^2.5.1:
  version "2.5.2"
  resolved "http://localhost:4873/jsesc/-/jsesc-2.5.2.tgz#80564d2e483dacf6e8ef209650a67df3f0c283a4"
  integrity sha512-OYu7XEzjkCQ3C5Ps3QIZsQfNpqoJyZZA99wd9aWd05NCtC5pWOkShK2mkL6HXQR6/Cy2lbNdPlZBpuQHXE63gA==

json-schema-traverse@^0.4.1:
  version "0.4.1"
  resolved "http://localhost:4873/json-schema-traverse/-/json-schema-traverse-0.4.1.tgz#69f6a87d9513ab8bb8fe63bdb0979c448e684660"
  integrity sha512-xbbCH5dCYU5T8LcEhhuh7HJ88HXuW3qsI3Y0zOZFKfZEHcpWiHU/Jxzk629Brsab/mMiHQti9wMP+845RPe3Vg==

jss-camel-case@^6.1.0:
  version "6.1.0"
  resolved "http://localhost:4873/jss-camel-case/-/jss-camel-case-6.1.0.tgz#ccb1ff8d6c701c02a1fed6fb6fb6b7896e11ce44"
  integrity sha512-HPF2Q7wmNW1t79mCqSeU2vdd/vFFGpkazwvfHMOhPlMgXrJDzdj9viA2SaHk9ZbD5pfL63a8ylp4++irYbbzMQ==
  dependencies:
    hyphenate-style-name "^1.0.2"

jss-compose@^5.0.0:
  version "5.0.0"
  resolved "http://localhost:4873/jss-compose/-/jss-compose-5.0.0.tgz#ce01b2e4521d65c37ea42cf49116e5f7ab596484"
  integrity sha512-YofRYuiA0+VbeOw0VjgkyO380sA4+TWDrW52nSluD9n+1FWOlDzNbgpZ/Sb3Y46+DcAbOS21W5jo6SAqUEiuwA==
  dependencies:
    warning "^3.0.0"

jss-default-unit@^8.0.2:
  version "8.0.2"
  resolved "http://localhost:4873/jss-default-unit/-/jss-default-unit-8.0.2.tgz#cc1e889bae4c0b9419327b314ab1c8e2826890e6"
  integrity sha512-WxNHrF/18CdoAGw2H0FqOEvJdREXVXLazn7PQYU7V6/BWkCV0GkmWsppNiExdw8dP4TU1ma1dT9zBNJ95feLmg==

jss-expand@^5.3.0:
  version "5.3.0"
  resolved "http://localhost:4873/jss-expand/-/jss-expand-5.3.0.tgz#02be076efe650125c842f5bb6fb68786fe441ed6"
  integrity sha512-NiM4TbDVE0ykXSAw6dfFmB1LIqXP/jdd0ZMnlvlGgEMkMt+weJIl8Ynq1DsuBY9WwkNyzWktdqcEW2VN0RAtQg==

jss-extend@^6.2.0:
  version "6.2.0"
  resolved "http://localhost:4873/jss-extend/-/jss-extend-6.2.0.tgz#4af09d0b72fb98ee229970f8ca852fec1ca2a8dc"
  integrity sha512-YszrmcB6o9HOsKPszK7NeDBNNjVyiW864jfoiHoMlgMIg2qlxKw70axZHqgczXHDcoyi/0/ikP1XaHDPRvYtEA==
  dependencies:
    warning "^3.0.0"

jss-global@^3.0.0:
  version "3.0.0"
  resolved "http://localhost:4873/jss-global/-/jss-global-3.0.0.tgz#e19e5c91ab2b96353c227e30aa2cbd938cdaafa2"
  integrity sha512-wxYn7vL+TImyQYGAfdplg7yaxnPQ9RaXY/cIA8hawaVnmmWxDHzBK32u1y+RAvWboa3lW83ya3nVZ/C+jyjZ5Q==

jss-nested@^6.0.1:
  version "6.0.1"
  resolved "http://localhost:4873/jss-nested/-/jss-nested-6.0.1.tgz#ef992b79d6e8f63d939c4397b9d99b5cbbe824ca"
  integrity sha512-rn964TralHOZxoyEgeq3hXY8hyuCElnvQoVrQwKHVmu55VRDd6IqExAx9be5HgK0yN/+hQdgAXQl/GUrBbbSTA==
  dependencies:
    warning "^3.0.0"

jss-preset-default@^4.5.0:
  version "4.5.0"
  resolved "http://localhost:4873/jss-preset-default/-/jss-preset-default-4.5.0.tgz#d3a457012ccd7a551312014e394c23c4b301cadd"
  integrity sha512-qZbpRVtHT7hBPpZEBPFfafZKWmq3tA/An5RNqywDsZQGrlinIF/mGD9lmj6jGqu8GrED2SMHZ3pPKLmjCZoiaQ==
  dependencies:
    jss-camel-case "^6.1.0"
    jss-compose "^5.0.0"
    jss-default-unit "^8.0.2"
    jss-expand "^5.3.0"
    jss-extend "^6.2.0"
    jss-global "^3.0.0"
    jss-nested "^6.0.1"
    jss-props-sort "^6.0.0"
    jss-template "^1.0.1"
    jss-vendor-prefixer "^7.0.0"

jss-props-sort@^6.0.0:
  version "6.0.0"
  resolved "http://localhost:4873/jss-props-sort/-/jss-props-sort-6.0.0.tgz#9105101a3b5071fab61e2d85ea74cc22e9b16323"
  integrity sha512-E89UDcrphmI0LzmvYk25Hp4aE5ZBsXqMWlkFXS0EtPkunJkRr+WXdCNYbXbksIPnKlBenGB9OxzQY+mVc70S+g==

jss-template@^1.0.1:
  version "1.0.1"
  resolved "http://localhost:4873/jss-template/-/jss-template-1.0.1.tgz#09aed9d86cc547b07f53ef355d7e1777f7da430a"
  integrity sha512-m5BqEWha17fmIVXm1z8xbJhY6GFJxNB9H68GVnCWPyGYfxiAgY9WTQyvDAVj+pYRgrXSOfN5V1T4+SzN1sJTeg==
  dependencies:
    warning "^3.0.0"

jss-vendor-prefixer@^7.0.0:
  version "7.0.0"
  resolved "http://localhost:4873/jss-vendor-prefixer/-/jss-vendor-prefixer-7.0.0.tgz#0166729650015ef19d9f02437c73667231605c71"
  integrity sha512-Agd+FKmvsI0HLcYXkvy8GYOw3AAASBUpsmIRvVQheps+JWaN892uFOInTr0DRydwaD91vSSUCU4NssschvF7MA==
  dependencies:
    css-vendor "^0.3.8"

jss@^9.8.7:
  version "9.8.7"
  resolved "http://localhost:4873/jss/-/jss-9.8.7.tgz#ed9763fc0f2f0260fc8260dac657af61e622ce05"
  integrity sha512-awj3XRZYxbrmmrx9LUSj5pXSUfm12m8xzi/VKeqI1ZwWBtQ0kVPTs3vYs32t4rFw83CgFDukA8wKzOE9sMQnoQ==
  dependencies:
    is-in-browser "^1.1.3"
    symbol-observable "^1.1.0"
    warning "^3.0.0"

lodash@^4.17.11:
  version "4.17.11"
  resolved "http://localhost:4873/lodash/-/lodash-4.17.11.tgz#b39ea6229ef607ecd89e2c8df12536891cac9b8d"
  integrity sha512-cQKh8igo5QUhZ7lg38DYWAxMvjSAKG0A8wGSVimP07SIUEK2UO+arSRKbRZWtelMtN5V0Hkwh5ryOto/SshYIg==

loose-envify@^1.0.0:
  version "1.4.0"
  resolved "http://localhost:4873/loose-envify/-/loose-envify-1.4.0.tgz#71ee51fa7be4caec1a63839f7e682d8132d30caf"
  integrity sha512-lyuxPGr/Wfhrlem2CL/UcnUc1zcqKAImBDzukY7Y5F/yQiNdko6+fRLevlw1HgMySw7f611UIY408EtxRSoK3Q==
  dependencies:
    js-tokens "^3.0.0 || ^4.0.0"

make-error@^1.1.1:
  version "1.3.5"
  resolved "http://localhost:4873/make-error/-/make-error-1.3.5.tgz#efe4e81f6db28cadd605c70f29c831b58ef776c8"
  integrity sha512-c3sIjNUow0+8swNwVpqoH4YCShKNFkMaw6oH1mNS2haDZQqkeZFlHS3dhoeEbKKmJB4vXpJucU6oH75aDYeE9g==

minimatch@^3.0.4:
  version "3.0.4"
  resolved "http://localhost:4873/minimatch/-/minimatch-3.0.4.tgz#5166e286457f03306064be5497e8dbb0c3d32083"
  integrity sha512-yJHVQEhyqPLUTgt9B83PXu6W3rx4MvvHvSUvToogpwoGDOUQ+yDrR0HRot+yOCdCO7u4hX3pWft6kWBBcqh0UA==
  dependencies:
    brace-expansion "^1.1.7"

once@^1.3.0:
  version "1.4.0"
  resolved "http://localhost:4873/once/-/once-1.4.0.tgz#583b1aa775961d4b113ac17d9c50baef9dd76bd1"
  integrity sha1-WDsap3WWHUsROsF9nFC6753Xa9E=
  dependencies:
    wrappy "1"

path-is-absolute@^1.0.0:
  version "1.0.1"
  resolved "http://localhost:4873/path-is-absolute/-/path-is-absolute-1.0.1.tgz#174b9268735534ffbc7ace6bf53a5a9e1b5c5f5f"
  integrity sha1-F0uSaHNVNP+8es5r9TpanhtcX18=

prettier@^1.17.0:
  version "1.17.0"
  resolved "http://localhost:4873/prettier/-/prettier-1.17.0.tgz#53b303676eed22cc14a9f0cec09b477b3026c008"
  integrity sha512-sXe5lSt2WQlCbydGETgfm1YBShgOX4HxQkFPvbxkcwgDvGDeqVau8h+12+lmSVlP3rHPz0oavfddSZg/q+Szjw==

property-information@^5.0.1:
  version "5.0.1"
  resolved "http://localhost:4873/property-information/-/property-information-5.0.1.tgz#c3b09f4f5750b1634c0b24205adbf78f18bdf94f"
  integrity sha512-nAtBDVeSwFM3Ot/YxT7s4NqZmqXI7lLzf46BThvotEtYf2uk2yH0ACYuWQkJ7gxKs49PPtKVY0UlDGkyN9aJlw==
  dependencies:
    xtend "^4.0.1"

punycode@^2.1.0:
  version "2.1.1"
  resolved "http://localhost:4873/punycode/-/punycode-2.1.1.tgz#b58b010ac40c22c5657616c8d2c2c02c7bf479ec"
  integrity sha512-XRsRjdf+j5ml+y/6GKHPZbrF/8p2Yga0JPtdqTIY2Xe5ohJPD9saDJJLPvp9+NSBprVvevdXZybnj2cv8OEd0A==

repeat-string@^1.6.1:
  version "1.6.1"
  resolved "http://localhost:4873/repeat-string/-/repeat-string-1.6.1.tgz#8dcae470e1c88abc2d600fff4a776286da75e637"
  integrity sha1-jcrkcOHIirwtYA//Sndihtp15jc=

rimraf@^2.6.3:
  version "2.6.3"
  resolved "http://localhost:4873/rimraf/-/rimraf-2.6.3.tgz#b2d104fe0d8fb27cf9e0a1cda8262dd3833c6cab"
  integrity sha512-mwqeW5XsA2qAejG46gYdENaxXjx9onRNCfn7L0duuP4hCuTIi/QO7PDK07KJfp1d+izWPrzEJDcSqBa0OZQriA==
  dependencies:
    glob "^7.1.3"

source-map-support@^0.5.6:
  version "0.5.12"
  resolved "http://localhost:4873/source-map-support/-/source-map-support-0.5.12.tgz#b4f3b10d51857a5af0138d3ce8003b201613d599"
  integrity sha512-4h2Pbvyy15EE02G+JOZpUCmqWJuqrs+sEkzewTm++BPi7Hvn/HwcqLAcNxYAyI0x13CpPPn+kMjl+hplXMHITQ==
  dependencies:
    buffer-from "^1.0.0"
    source-map "^0.6.0"

source-map@^0.5.0:
  version "0.5.7"
  resolved "http://localhost:4873/source-map/-/source-map-0.5.7.tgz#8a039d2d1021d22d1ea14c80d8ea468ba2ef3fcc"
  integrity sha1-igOdLRAh0i0eoUyA2OpGi6LvP8w=

source-map@^0.6.0:
  version "0.6.1"
  resolved "http://localhost:4873/source-map/-/source-map-0.6.1.tgz#74722af32e9614e9c287a8d0bbde48b5e2f1a263"
  integrity sha512-UjgapumWlbMhkBgzT7Ykc5YXUT46F0iKu8SGXq0bcwP5dz/h0Plj6enJqjz1Zbq2l5WaqYnrVbwWOWMyF3F47g==

space-separated-tokens@^1.1.2:
  version "1.1.3"
  resolved "http://localhost:4873/space-separated-tokens/-/space-separated-tokens-1.1.3.tgz#bc6500e116d13285a94b59b58c44c7f045fe6124"
  integrity sha512-/M5RAdBuQlSDPNfA5ube+fkHbHyY08pMuADLmsAQURzo56w90r681oiOoz3o3ZQyWdSeNucpTFjL+Ggd5qui3w==

stringify-entities@^1.3.2:
  version "1.3.2"
  resolved "http://localhost:4873/stringify-entities/-/stringify-entities-1.3.2.tgz#a98417e5471fd227b3e45d3db1861c11caf668f7"
  integrity sha512-nrBAQClJAPN2p+uGCVJRPIPakKeKWZ9GtBCmormE7pWOSlHat7+x5A8gx85M7HM5Dt0BP3pP5RhVW77WdbJJ3A==
  dependencies:
    character-entities-html4 "^1.0.0"
    character-entities-legacy "^1.0.0"
    is-alphanumerical "^1.0.0"
    is-hexadecimal "^1.0.0"

symbol-observable@^1.1.0:
  version "1.2.0"
  resolved "http://localhost:4873/symbol-observable/-/symbol-observable-1.2.0.tgz#c22688aed4eab3cdc2dfeacbb561660560a00804"
  integrity sha512-e900nM8RRtGhlV36KGEU9k65K3mPb1WV70OdjfxlG2EAuM1noi/E/BaW/uMhL7bPEssK8QV57vN3esixjUvcXQ==

to-fast-properties@^2.0.0:
  version "2.0.0"
  resolved "http://localhost:4873/to-fast-properties/-/to-fast-properties-2.0.0.tgz#dc5e698cbd079265bc73e0377681a4e4e83f616e"
  integrity sha1-3F5pjL0HkmW8c+A3doGk5Og/YW4=

trim-right@^1.0.1:
  version "1.0.1"
  resolved "http://localhost:4873/trim-right/-/trim-right-1.0.1.tgz#cb2e1203067e0c8de1f614094b9fe45704ea6003"
  integrity sha1-yy4SAwZ+DI3h9hQJS5/kVwTqYAM=

ts-node@^8.1.0:
  version "8.1.0"
  resolved "http://localhost:4873/ts-node/-/ts-node-8.1.0.tgz#8c4b37036abd448577db22a061fd7a67d47e658e"
  integrity sha512-34jpuOrxDuf+O6iW1JpgTRDFynUZ1iEqtYruBqh35gICNjN8x+LpVcPAcwzLPi9VU6mdA3ym+x233nZmZp445A==
  dependencies:
    arg "^4.1.0"
    diff "^3.1.0"
    make-error "^1.1.1"
    source-map-support "^0.5.6"
    yn "^3.0.0"

typescript@^3.4.5:
  version "3.4.5"
  resolved "http://localhost:4873/typescript/-/typescript-3.4.5.tgz#2d2618d10bb566572b8d7aad5180d84257d70a99"
  integrity sha512-YycBxUb49UUhdNMU5aJ7z5Ej2XGmaIBL0x34vZ82fn3hGvD+bgrMrVDpatgz2f7YxUMJxMkbWxJZeAvDxVe7Vw==

unist-util-is@^2.1.2:
  version "2.1.2"
  resolved "http://localhost:4873/unist-util-is/-/unist-util-is-2.1.2.tgz#1193fa8f2bfbbb82150633f3a8d2eb9a1c1d55db"
  integrity sha512-YkXBK/H9raAmG7KXck+UUpnKiNmUdB+aBGrknfQ4EreE1banuzrKABx3jP6Z5Z3fMSPMQQmeXBlKpCbMwBkxVw==

uri-js@^4.2.2:
  version "4.2.2"
  resolved "http://localhost:4873/uri-js/-/uri-js-4.2.2.tgz#94c540e1ff772956e2299507c010aea6c8838eb0"
  integrity sha512-KY9Frmirql91X2Qgjry0Wd4Y+YTdrdZheS8TFwvkbLWf/G5KNJDCh6pKL5OZctEW4+0Baa5idK2ZQuELRwPznQ==
  dependencies:
    punycode "^2.1.0"

warning@^3.0.0:
  version "3.0.0"
  resolved "http://localhost:4873/warning/-/warning-3.0.0.tgz#32e5377cb572de4ab04753bdf8821c01ed605b7c"
  integrity sha1-MuU3fLVy3kqwR1O9+IIcAe1gW3w=
  dependencies:
    loose-envify "^1.0.0"

wrappy@1:
  version "1.0.2"
  resolved "http://localhost:4873/wrappy/-/wrappy-1.0.2.tgz#b5243d8f3ec1aa35f1364605bc0d1036e30ab69f"
  integrity sha1-tSQ9jz7BqjXxNkYFvA0QNuMKtp8=

xtend@^4.0.1:
  version "4.0.1"
  resolved "http://localhost:4873/xtend/-/xtend-4.0.1.tgz#a5c6d532be656e23db820efb943a1f04998d63af"
  integrity sha1-pcbVMr5lbiPbgg77lDofBJmNY68=

yn@^3.0.0:
  version "3.1.0"
  resolved "http://localhost:4873/yn/-/yn-3.1.0.tgz#fcbe2db63610361afcc5eb9e0ac91e976d046114"
  integrity sha512-kKfnnYkbTfrAdd0xICNFw7Atm8nKpLcLv9AZGEt+kczL/WQVai4e2V6ZN8U/O+iI6WrNuJjNNOyu4zfhl9D3Hg==
