# THIS IS AN AUTOGENERATED FILE. DO NOT EDIT THIS FILE DIRECTLY.
# yarn lockfile v1


"@babel/generator@^7.4.0":
  version "7.4.4"
  resolved "http://localhost:4873/@babel%2fgenerator/-/generator-7.4.4.tgz#174a215eb843fc392c7edcaabeaa873de6e8f041"
  dependencies:
    "@babel/types" "^7.4.4"
    jsesc "^2.5.1"
    lodash "^4.17.11"
    source-map "^0.5.0"
    trim-right "^1.0.1"

"@babel/types@^7.3.3", "@babel/types@^7.4.4":
  version "7.4.4"
  resolved "http://localhost:4873/@babel%2ftypes/-/types-7.4.4.tgz#8db9e9a629bb7c29370009b4b779ed93fe57d5f0"
  dependencies:
    esutils "^2.0.2"
    lodash "^4.17.11"
    to-fast-properties "^2.0.0"

"@starptech/prettyhtml-hast-to-html@^0.8.17":
  version "0.8.17"
  resolved "http://localhost:4873/@starptech%2fprettyhtml-hast-to-html/-/prettyhtml-hast-to-html-0.8.17.tgz#f5bc500d2b03fed3c275d97bdfe4207b22fded39"
  dependencies:
    ccount "^1.0.3"
    comma-separated-tokens "^1.0.5"
    hast-util-is-element "^1.0.1"
    hast-util-whitespace "^1.0.1"
    html-void-elements "^1.0.3"
    html-whitespace-sensitive-tag-names "^1.0.0"
    property-information "^5.0.1"
    repeat-string "^1.6.1"
    space-separated-tokens "^1.1.2"
    stringify-entities "^1.3.2"
    unist-util-is "^2.1.2"
    xtend "^4.0.1"

"@teleporthq/teleport-component-generator-react@^0.6.0":
  version "0.6.0"
  resolved "http://localhost:4873/@teleporthq%2fteleport-component-generator-react/-/teleport-component-generator-react-0.6.0.tgz#339817f50dba9b84fc821b49b5039b2f7b3bb102"
  dependencies:
    "@teleporthq/teleport-generator-core" "^0.6.0"
    "@teleporthq/teleport-generator-shared" "^0.6.0"
    "@teleporthq/teleport-plugin-import-statements" "^0.6.0"
    "@teleporthq/teleport-plugin-react-app-routing" "^0.6.0"
    "@teleporthq/teleport-plugin-react-base-component" "^0.6.0"
    "@teleporthq/teleport-plugin-react-css-modules" "^0.6.0"
    "@teleporthq/teleport-plugin-react-inline-styles" "^0.6.0"
    "@teleporthq/teleport-plugin-react-jss" "^0.6.0"
    "@teleporthq/teleport-plugin-react-proptypes" "^0.6.0"
    "@teleporthq/teleport-plugin-react-styled-components" "^0.6.0"
    "@teleporthq/teleport-plugin-react-styled-jsx" "^0.6.0"

"@teleporthq/teleport-component-generator-vue@^0.6.0":
  version "0.6.0"
  resolved "http://localhost:4873/@teleporthq%2fteleport-component-generator-vue/-/teleport-component-generator-vue-0.6.0.tgz#8ec6c5b5af7deaf24dfed699b1e77b470d015d59"
  dependencies:
    "@teleporthq/teleport-generator-core" "^0.6.0"
    "@teleporthq/teleport-generator-shared" "^0.6.0"
    "@teleporthq/teleport-plugin-import-statements" "^0.6.0"
    "@teleporthq/teleport-plugin-vue-app-routing" "^0.6.0"
    "@teleporthq/teleport-plugin-vue-base-component" "^0.6.0"
    "@teleporthq/teleport-plugin-vue-css" "^0.6.0"

"@teleporthq/teleport-generator-core@^0.6.0":
  version "0.6.0"
  resolved "http://localhost:4873/@teleporthq%2fteleport-generator-core/-/teleport-generator-core-0.6.0.tgz#098217bbe95f7ad1715d9feb13a2aa6d3da7ec60"
  dependencies:
    "@teleporthq/teleport-generator-shared" "^0.6.0"
    ajv "^6.10.0"

"@teleporthq/teleport-generator-shared@^0.6.0":
  version "0.6.0"
  resolved "http://localhost:4873/@teleporthq%2fteleport-generator-shared/-/teleport-generator-shared-0.6.0.tgz#0c1e1486080f4b441692ae138e7a7ed264ad9b0f"
  dependencies:
    "@babel/generator" "^7.4.0"
    "@babel/types" "^7.3.3"
    "@starptech/prettyhtml-hast-to-html" "^0.8.17"
    jss "^9.8.7"
    jss-preset-default "^4.5.0"
    prettier "^1.17.0"

"@teleporthq/teleport-plugin-import-statements@^0.6.0":
  version "0.6.0"
  resolved "http://localhost:4873/@teleporthq%2fteleport-plugin-import-statements/-/teleport-plugin-import-statements-0.6.0.tgz#b24a153bb2e22fd1a2f57404de3d86c4dfb1aaad"
  dependencies:
    "@teleporthq/teleport-generator-shared" "^0.6.0"

"@teleporthq/teleport-plugin-react-app-routing@^0.6.0":
  version "0.6.0"
  resolved "http://localhost:4873/@teleporthq%2fteleport-plugin-react-app-routing/-/teleport-plugin-react-app-routing-0.6.0.tgz#12c2908d91792cac0e8e8831dfad4897e4e86720"
  dependencies:
    "@babel/types" "^7.3.3"
    "@teleporthq/teleport-generator-shared" "^0.6.0"

"@teleporthq/teleport-plugin-react-base-component@^0.6.0":
  version "0.6.0"
  resolved "http://localhost:4873/@teleporthq%2fteleport-plugin-react-base-component/-/teleport-plugin-react-base-component-0.6.0.tgz#b44515835ec3c5d2543c88f79d6bd14fe98b0591"
  dependencies:
    "@babel/types" "^7.3.3"
    "@teleporthq/teleport-generator-shared" "^0.6.0"

"@teleporthq/teleport-plugin-react-css-modules@^0.6.0":
  version "0.6.0"
  resolved "http://localhost:4873/@teleporthq%2fteleport-plugin-react-css-modules/-/teleport-plugin-react-css-modules-0.6.0.tgz#e10b0ac94126306cab381b7346f4993ed92caf82"
  dependencies:
    "@babel/types" "^7.3.3"
    "@teleporthq/teleport-generator-shared" "^0.6.0"

"@teleporthq/teleport-plugin-react-inline-styles@^0.6.0":
  version "0.6.0"
  resolved "http://localhost:4873/@teleporthq%2fteleport-plugin-react-inline-styles/-/teleport-plugin-react-inline-styles-0.6.0.tgz#c6d01348b21ef23c130651a8b7779949bf723e12"
  dependencies:
    "@babel/types" "^7.3.3"
    "@teleporthq/teleport-generator-shared" "^0.6.0"

"@teleporthq/teleport-plugin-react-jss@^0.6.0":
  version "0.6.0"
  resolved "http://localhost:4873/@teleporthq%2fteleport-plugin-react-jss/-/teleport-plugin-react-jss-0.6.0.tgz#36f57d8967225e51e1bd061ea615b235779551c9"
  dependencies:
    "@babel/types" "^7.3.3"
    "@teleporthq/teleport-generator-shared" "^0.6.0"

"@teleporthq/teleport-plugin-react-proptypes@^0.6.0":
  version "0.6.0"
  resolved "http://localhost:4873/@teleporthq%2fteleport-plugin-react-proptypes/-/teleport-plugin-react-proptypes-0.6.0.tgz#15d2031375d29a65dcd62bc6585f7fc346d9f09b"
  dependencies:
    "@babel/types" "^7.3.3"
    "@teleporthq/teleport-generator-shared" "^0.6.0"

"@teleporthq/teleport-plugin-react-styled-components@^0.6.0":
  version "0.6.0"
  resolved "http://localhost:4873/@teleporthq%2fteleport-plugin-react-styled-components/-/teleport-plugin-react-styled-components-0.6.0.tgz#53473f4f79ebd9aebab1d9a87c7279bd8065d704"
  dependencies:
    "@babel/types" "^7.3.3"
    "@teleporthq/teleport-generator-shared" "^0.6.0"

"@teleporthq/teleport-plugin-react-styled-jsx@^0.6.0":
  version "0.6.0"
  resolved "http://localhost:4873/@teleporthq%2fteleport-plugin-react-styled-jsx/-/teleport-plugin-react-styled-jsx-0.6.0.tgz#0ce1efd194fa04581474e36ed20e9a65f93a0e49"
  dependencies:
    "@teleporthq/teleport-generator-shared" "^0.6.0"

"@teleporthq/teleport-plugin-vue-app-routing@^0.6.0":
  version "0.6.0"
  resolved "http://localhost:4873/@teleporthq%2fteleport-plugin-vue-app-routing/-/teleport-plugin-vue-app-routing-0.6.0.tgz#223dd90c5882ae9f47e5ffcae0cbbe219fec0d19"
  dependencies:
    "@babel/types" "^7.3.3"
    "@teleporthq/teleport-generator-shared" "^0.6.0"

"@teleporthq/teleport-plugin-vue-base-component@^0.6.0":
  version "0.6.0"
  resolved "http://localhost:4873/@teleporthq%2fteleport-plugin-vue-base-component/-/teleport-plugin-vue-base-component-0.6.0.tgz#0f811e74c058bac114a091ad8648cdd862d45ce1"
  dependencies:
    "@babel/types" "^7.3.3"
    "@teleporthq/teleport-generator-shared" "^0.6.0"

"@teleporthq/teleport-plugin-vue-css@^0.6.0":
  version "0.6.0"
  resolved "http://localhost:4873/@teleporthq%2fteleport-plugin-vue-css/-/teleport-plugin-vue-css-0.6.0.tgz#190a06ebe89b7725085b277cf7bbffceaab4ce2c"
  dependencies:
    "@teleporthq/teleport-generator-shared" "^0.6.0"

"@teleporthq/teleport-project-generator-react-basic@^0.6.0":
  version "0.6.0"
  resolved "http://localhost:4873/@teleporthq%2fteleport-project-generator-react-basic/-/teleport-project-generator-react-basic-0.6.0.tgz#2e013bbbaeb9fdd9bf7123587a28e1ef81e23f40"
  dependencies:
    "@teleporthq/teleport-component-generator-react" "^0.6.0"
    "@teleporthq/teleport-generator-core" "^0.6.0"
    "@teleporthq/teleport-generator-shared" "^0.6.0"

"@teleporthq/teleport-project-generator-react-next@^0.6.0":
  version "0.6.0"
  resolved "http://localhost:4873/@teleporthq%2fteleport-project-generator-react-next/-/teleport-project-generator-react-next-0.6.0.tgz#18c7098c820f5ca1690e33709f8604138fa23fe1"
  dependencies:
    "@babel/types" "^7.3.3"
    "@teleporthq/teleport-component-generator-react" "^0.6.0"
    "@teleporthq/teleport-generator-core" "^0.6.0"
    "@teleporthq/teleport-generator-shared" "^0.6.0"

"@teleporthq/teleport-project-generator-vue-basic@^0.6.0":
  version "0.6.0"
  resolved "http://localhost:4873/@teleporthq%2fteleport-project-generator-vue-basic/-/teleport-project-generator-vue-basic-0.6.0.tgz#822f15bef22a5f645da4eccd7e1b783aa97afc50"
  dependencies:
    "@teleporthq/teleport-component-generator-vue" "^0.6.0"
    "@teleporthq/teleport-generator-core" "^0.6.0"
    "@teleporthq/teleport-generator-shared" "^0.6.0"

"@teleporthq/teleport-project-generator-vue-nuxt@^0.6.0":
  version "0.6.0"
  resolved "http://localhost:4873/@teleporthq%2fteleport-project-generator-vue-nuxt/-/teleport-project-generator-vue-nuxt-0.6.0.tgz#dedc8d214290655c1e132f7c324bbe617c871a2a"
  dependencies:
    "@teleporthq/teleport-component-generator-vue" "^0.6.0"
    "@teleporthq/teleport-generator-core" "^0.6.0"
    "@teleporthq/teleport-generator-shared" "^0.6.0"

ajv@^6.10.0:
  version "6.10.0"
  resolved "http://localhost:4873/ajv/-/ajv-6.10.0.tgz#90d0d54439da587cd7e843bfb7045f50bd22bdf1"
  dependencies:
    fast-deep-equal "^2.0.1"
    fast-json-stable-stringify "^2.0.0"
    json-schema-traverse "^0.4.1"
    uri-js "^4.2.2"

arg@^4.1.0:
  version "4.1.0"
  resolved "http://localhost:4873/arg/-/arg-4.1.0.tgz#583c518199419e0037abb74062c37f8519e575f0"

balanced-match@^1.0.0:
  version "1.0.0"
  resolved "http://localhost:4873/balanced-match/-/balanced-match-1.0.0.tgz#89b4d199ab2bee49de164ea02b89ce462d71b767"

brace-expansion@^1.1.7:
  version "1.1.11"
  resolved "http://localhost:4873/brace-expansion/-/brace-expansion-1.1.11.tgz#3c7fcbf529d87226f3d2f52b966ff5271eb441dd"
  dependencies:
    balanced-match "^1.0.0"
    concat-map "0.0.1"

buffer-from@^1.0.0:
  version "1.1.1"
  resolved "http://localhost:4873/buffer-from/-/buffer-from-1.1.1.tgz#32713bc028f75c02fdb710d7c7bcec1f2c6070ef"

ccount@^1.0.3:
  version "1.0.3"
  resolved "http://localhost:4873/ccount/-/ccount-1.0.3.tgz#f1cec43f332e2ea5a569fd46f9f5bde4e6102aff"

character-entities-html4@^1.0.0:
  version "1.1.2"
  resolved "http://localhost:4873/character-entities-html4/-/character-entities-html4-1.1.2.tgz#c44fdde3ce66b52e8d321d6c1bf46101f0150610"

character-entities-legacy@^1.0.0:
  version "1.1.2"
  resolved "http://localhost:4873/character-entities-legacy/-/character-entities-legacy-1.1.2.tgz#7c6defb81648498222c9855309953d05f4d63a9c"

comma-separated-tokens@^1.0.5:
  version "1.0.6"
  resolved "http://localhost:4873/comma-separated-tokens/-/comma-separated-tokens-1.0.6.tgz#3cd3d8adc725ab473843db338bcdfd4a7bb087bf"

concat-map@0.0.1:
  version "0.0.1"
  resolved "http://localhost:4873/concat-map/-/concat-map-0.0.1.tgz#d8a96bd77fd68df7793a73036a3ba0d5405d477b"

css-vendor@^0.3.8:
  version "0.3.8"
  resolved "http://localhost:4873/css-vendor/-/css-vendor-0.3.8.tgz#6421cfd3034ce664fe7673972fd0119fc28941fa"
  dependencies:
    is-in-browser "^1.0.2"

diff@^3.1.0:
  version "3.5.0"
  resolved "http://localhost:4873/diff/-/diff-3.5.0.tgz#800c0dd1e0a8bfbc95835c202ad220fe317e5a12"

esutils@^2.0.2:
  version "2.0.2"
  resolved "http://localhost:4873/esutils/-/esutils-2.0.2.tgz#0abf4f1caa5bcb1f7a9d8acc6dea4faaa04bac9b"

fast-deep-equal@^2.0.1:
  version "2.0.1"
  resolved "http://localhost:4873/fast-deep-equal/-/fast-deep-equal-2.0.1.tgz#7b05218ddf9667bf7f370bf7fdb2cb15fdd0aa49"

fast-json-stable-stringify@^2.0.0:
  version "2.0.0"
  resolved "http://localhost:4873/fast-json-stable-stringify/-/fast-json-stable-stringify-2.0.0.tgz#d5142c0caee6b1189f87d3a76111064f86c8bbf2"

fs.realpath@^1.0.0:
  version "1.0.0"
  resolved "http://localhost:4873/fs.realpath/-/fs.realpath-1.0.0.tgz#1504ad2523158caa40db4a2787cb01411994ea4f"

glob@^7.1.3:
  version "7.1.3"
  resolved "http://localhost:4873/glob/-/glob-7.1.3.tgz#3960832d3f1574108342dafd3a67b332c0969df1"
  dependencies:
    fs.realpath "^1.0.0"
    inflight "^1.0.4"
    inherits "2"
    minimatch "^3.0.4"
    once "^1.3.0"
    path-is-absolute "^1.0.0"

hast-util-is-element@^1.0.1:
  version "1.0.2"
  resolved "http://localhost:4873/hast-util-is-element/-/hast-util-is-element-1.0.2.tgz#c23c9428b6a5a4e323bf9e16f87417476314981b"

hast-util-whitespace@^1.0.1:
  version "1.0.2"
  resolved "http://localhost:4873/hast-util-whitespace/-/hast-util-whitespace-1.0.2.tgz#c97153a3fbc9091a14fd823830a47724e7a1da99"

html-void-elements@^1.0.3:
  version "1.0.3"
  resolved "http://localhost:4873/html-void-elements/-/html-void-elements-1.0.3.tgz#956707dbecd10cf658c92c5d27fee763aa6aa982"

html-whitespace-sensitive-tag-names@^1.0.0:
  version "1.0.0"
  resolved "http://localhost:4873/html-whitespace-sensitive-tag-names/-/html-whitespace-sensitive-tag-names-1.0.0.tgz#fd6ed3a3d631ce29341aefe26a8fea720d3adfa7"

hyphenate-style-name@^1.0.2:
  version "1.0.3"
  resolved "http://localhost:4873/hyphenate-style-name/-/hyphenate-style-name-1.0.3.tgz#097bb7fa0b8f1a9cf0bd5c734cf95899981a9b48"

inflight@^1.0.4:
  version "1.0.6"
  resolved "http://localhost:4873/inflight/-/inflight-1.0.6.tgz#49bd6331d7d02d0c09bc910a1075ba8165b56df9"
  dependencies:
    once "^1.3.0"
    wrappy "1"

inherits@2:
  version "2.0.3"
  resolved "http://localhost:4873/inherits/-/inherits-2.0.3.tgz#633c2c83e3da42a502f52466022480f4208261de"

is-alphabetical@^1.0.0:
  version "1.0.2"
  resolved "http://localhost:4873/is-alphabetical/-/is-alphabetical-1.0.2.tgz#1fa6e49213cb7885b75d15862fb3f3d96c884f41"

is-alphanumerical@^1.0.0:
  version "1.0.2"
  resolved "http://localhost:4873/is-alphanumerical/-/is-alphanumerical-1.0.2.tgz#1138e9ae5040158dc6ff76b820acd6b7a181fd40"
  dependencies:
    is-alphabetical "^1.0.0"
    is-decimal "^1.0.0"

is-decimal@^1.0.0:
  version "1.0.2"
  resolved "http://localhost:4873/is-decimal/-/is-decimal-1.0.2.tgz#894662d6a8709d307f3a276ca4339c8fa5dff0ff"

is-hexadecimal@^1.0.0:
  version "1.0.2"
  resolved "http://localhost:4873/is-hexadecimal/-/is-hexadecimal-1.0.2.tgz#b6e710d7d07bb66b98cb8cece5c9b4921deeb835"

is-in-browser@^1.0.2, is-in-browser@^1.1.3:
  version "1.1.3"
  resolved "http://localhost:4873/is-in-browser/-/is-in-browser-1.1.3.tgz#56ff4db683a078c6082eb95dad7dc62e1d04f835"

"js-tokens@^3.0.0 || ^4.0.0":
  version "4.0.0"
  resolved "http://localhost:4873/js-tokens/-/js-tokens-4.0.0.tgz#19203fb59991df98e3a287050d4647cdeaf32499"

jsesc@^2.5.1:
  version "2.5.2"
  resolved "http://localhost:4873/jsesc/-/jsesc-2.5.2.tgz#80564d2e483dacf6e8ef209650a67df3f0c283a4"

json-schema-traverse@^0.4.1:
  version "0.4.1"
  resolved "http://localhost:4873/json-schema-traverse/-/json-schema-traverse-0.4.1.tgz#69f6a87d9513ab8bb8fe63bdb0979c448e684660"

jss-camel-case@^6.1.0:
  version "6.1.0"
  resolved "http://localhost:4873/jss-camel-case/-/jss-camel-case-6.1.0.tgz#ccb1ff8d6c701c02a1fed6fb6fb6b7896e11ce44"
  dependencies:
    hyphenate-style-name "^1.0.2"

jss-compose@^5.0.0:
  version "5.0.0"
  resolved "http://localhost:4873/jss-compose/-/jss-compose-5.0.0.tgz#ce01b2e4521d65c37ea42cf49116e5f7ab596484"
  dependencies:
    warning "^3.0.0"

jss-default-unit@^8.0.2:
  version "8.0.2"
  resolved "http://localhost:4873/jss-default-unit/-/jss-default-unit-8.0.2.tgz#cc1e889bae4c0b9419327b314ab1c8e2826890e6"

jss-expand@^5.3.0:
  version "5.3.0"
  resolved "http://localhost:4873/jss-expand/-/jss-expand-5.3.0.tgz#02be076efe650125c842f5bb6fb68786fe441ed6"

jss-extend@^6.2.0:
  version "6.2.0"
  resolved "http://localhost:4873/jss-extend/-/jss-extend-6.2.0.tgz#4af09d0b72fb98ee229970f8ca852fec1ca2a8dc"
  dependencies:
    warning "^3.0.0"

jss-global@^3.0.0:
  version "3.0.0"
  resolved "http://localhost:4873/jss-global/-/jss-global-3.0.0.tgz#e19e5c91ab2b96353c227e30aa2cbd938cdaafa2"

jss-nested@^6.0.1:
  version "6.0.1"
  resolved "http://localhost:4873/jss-nested/-/jss-nested-6.0.1.tgz#ef992b79d6e8f63d939c4397b9d99b5cbbe824ca"
  dependencies:
    warning "^3.0.0"

jss-preset-default@^4.5.0:
  version "4.5.0"
  resolved "http://localhost:4873/jss-preset-default/-/jss-preset-default-4.5.0.tgz#d3a457012ccd7a551312014e394c23c4b301cadd"
  dependencies:
    jss-camel-case "^6.1.0"
    jss-compose "^5.0.0"
    jss-default-unit "^8.0.2"
    jss-expand "^5.3.0"
    jss-extend "^6.2.0"
    jss-global "^3.0.0"
    jss-nested "^6.0.1"
    jss-props-sort "^6.0.0"
    jss-template "^1.0.1"
    jss-vendor-prefixer "^7.0.0"

jss-props-sort@^6.0.0:
  version "6.0.0"
  resolved "http://localhost:4873/jss-props-sort/-/jss-props-sort-6.0.0.tgz#9105101a3b5071fab61e2d85ea74cc22e9b16323"

jss-template@^1.0.1:
  version "1.0.1"
  resolved "http://localhost:4873/jss-template/-/jss-template-1.0.1.tgz#09aed9d86cc547b07f53ef355d7e1777f7da430a"
  dependencies:
    warning "^3.0.0"

jss-vendor-prefixer@^7.0.0:
  version "7.0.0"
  resolved "http://localhost:4873/jss-vendor-prefixer/-/jss-vendor-prefixer-7.0.0.tgz#0166729650015ef19d9f02437c73667231605c71"
  dependencies:
    css-vendor "^0.3.8"

jss@^9.8.7:
  version "9.8.7"
  resolved "http://localhost:4873/jss/-/jss-9.8.7.tgz#ed9763fc0f2f0260fc8260dac657af61e622ce05"
  dependencies:
    is-in-browser "^1.1.3"
    symbol-observable "^1.1.0"
    warning "^3.0.0"

lodash@^4.17.11:
  version "4.17.11"
  resolved "http://localhost:4873/lodash/-/lodash-4.17.11.tgz#b39ea6229ef607ecd89e2c8df12536891cac9b8d"

loose-envify@^1.0.0:
  version "1.4.0"
  resolved "http://localhost:4873/loose-envify/-/loose-envify-1.4.0.tgz#71ee51fa7be4caec1a63839f7e682d8132d30caf"
  dependencies:
    js-tokens "^3.0.0 || ^4.0.0"

make-error@^1.1.1:
  version "1.3.5"
  resolved "http://localhost:4873/make-error/-/make-error-1.3.5.tgz#efe4e81f6db28cadd605c70f29c831b58ef776c8"

minimatch@^3.0.4:
  version "3.0.4"
  resolved "http://localhost:4873/minimatch/-/minimatch-3.0.4.tgz#5166e286457f03306064be5497e8dbb0c3d32083"
  dependencies:
    brace-expansion "^1.1.7"

once@^1.3.0:
  version "1.4.0"
  resolved "http://localhost:4873/once/-/once-1.4.0.tgz#583b1aa775961d4b113ac17d9c50baef9dd76bd1"
  dependencies:
    wrappy "1"

path-is-absolute@^1.0.0:
  version "1.0.1"
  resolved "http://localhost:4873/path-is-absolute/-/path-is-absolute-1.0.1.tgz#174b9268735534ffbc7ace6bf53a5a9e1b5c5f5f"

prettier@^1.17.0:
  version "1.17.0"
  resolved "http://localhost:4873/prettier/-/prettier-1.17.0.tgz#53b303676eed22cc14a9f0cec09b477b3026c008"

property-information@^5.0.1:
  version "5.0.1"
  resolved "http://localhost:4873/property-information/-/property-information-5.0.1.tgz#c3b09f4f5750b1634c0b24205adbf78f18bdf94f"
  dependencies:
    xtend "^4.0.1"

punycode@^2.1.0:
  version "2.1.1"
  resolved "http://localhost:4873/punycode/-/punycode-2.1.1.tgz#b58b010ac40c22c5657616c8d2c2c02c7bf479ec"

repeat-string@^1.6.1:
  version "1.6.1"
  resolved "http://localhost:4873/repeat-string/-/repeat-string-1.6.1.tgz#8dcae470e1c88abc2d600fff4a776286da75e637"

rimraf@^2.6.3:
  version "2.6.3"
  resolved "http://localhost:4873/rimraf/-/rimraf-2.6.3.tgz#b2d104fe0d8fb27cf9e0a1cda8262dd3833c6cab"
  dependencies:
    glob "^7.1.3"

source-map-support@^0.5.6:
  version "0.5.12"
  resolved "http://localhost:4873/source-map-support/-/source-map-support-0.5.12.tgz#b4f3b10d51857a5af0138d3ce8003b201613d599"
  dependencies:
    buffer-from "^1.0.0"
    source-map "^0.6.0"

source-map@^0.5.0:
  version "0.5.7"
  resolved "http://localhost:4873/source-map/-/source-map-0.5.7.tgz#8a039d2d1021d22d1ea14c80d8ea468ba2ef3fcc"

source-map@^0.6.0:
  version "0.6.1"
  resolved "http://localhost:4873/source-map/-/source-map-0.6.1.tgz#74722af32e9614e9c287a8d0bbde48b5e2f1a263"

space-separated-tokens@^1.1.2:
  version "1.1.3"
  resolved "http://localhost:4873/space-separated-tokens/-/space-separated-tokens-1.1.3.tgz#bc6500e116d13285a94b59b58c44c7f045fe6124"

stringify-entities@^1.3.2:
  version "1.3.2"
  resolved "http://localhost:4873/stringify-entities/-/stringify-entities-1.3.2.tgz#a98417e5471fd227b3e45d3db1861c11caf668f7"
  dependencies:
    character-entities-html4 "^1.0.0"
    character-entities-legacy "^1.0.0"
    is-alphanumerical "^1.0.0"
    is-hexadecimal "^1.0.0"

symbol-observable@^1.1.0:
  version "1.2.0"
  resolved "http://localhost:4873/symbol-observable/-/symbol-observable-1.2.0.tgz#c22688aed4eab3cdc2dfeacbb561660560a00804"

to-fast-properties@^2.0.0:
  version "2.0.0"
  resolved "http://localhost:4873/to-fast-properties/-/to-fast-properties-2.0.0.tgz#dc5e698cbd079265bc73e0377681a4e4e83f616e"

trim-right@^1.0.1:
  version "1.0.1"
  resolved "http://localhost:4873/trim-right/-/trim-right-1.0.1.tgz#cb2e1203067e0c8de1f614094b9fe45704ea6003"

ts-node@^8.1.0:
  version "8.1.0"
  resolved "http://localhost:4873/ts-node/-/ts-node-8.1.0.tgz#8c4b37036abd448577db22a061fd7a67d47e658e"
  dependencies:
    arg "^4.1.0"
    diff "^3.1.0"
    make-error "^1.1.1"
    source-map-support "^0.5.6"
    yn "^3.0.0"

typescript@^3.4.5:
  version "3.4.5"
  resolved "http://localhost:4873/typescript/-/typescript-3.4.5.tgz#2d2618d10bb566572b8d7aad5180d84257d70a99"

unist-util-is@^2.1.2:
  version "2.1.2"
  resolved "http://localhost:4873/unist-util-is/-/unist-util-is-2.1.2.tgz#1193fa8f2bfbbb82150633f3a8d2eb9a1c1d55db"

uri-js@^4.2.2:
  version "4.2.2"
  resolved "http://localhost:4873/uri-js/-/uri-js-4.2.2.tgz#94c540e1ff772956e2299507c010aea6c8838eb0"
  dependencies:
    punycode "^2.1.0"

warning@^3.0.0:
  version "3.0.0"
  resolved "http://localhost:4873/warning/-/warning-3.0.0.tgz#32e5377cb572de4ab04753bdf8821c01ed605b7c"
  dependencies:
    loose-envify "^1.0.0"

wrappy@1:
  version "1.0.2"
  resolved "http://localhost:4873/wrappy/-/wrappy-1.0.2.tgz#b5243d8f3ec1aa35f1364605bc0d1036e30ab69f"

xtend@^4.0.1:
  version "4.0.1"
  resolved "http://localhost:4873/xtend/-/xtend-4.0.1.tgz#a5c6d532be656e23db820efb943a1f04998d63af"

yn@^3.0.0:
  version "3.1.0"
  resolved "http://localhost:4873/yn/-/yn-3.1.0.tgz#fcbe2db63610361afcc5eb9e0ac91e976d046114"
