{
  "version": "v1",
  "packages": {
    "@teleporthq/teleport-project-generator-next": {
      "version": "0.26.4",
      "signature": "d4ac648263b035d5b95a1bd6060e6e63",
      "file": true,
      "replaced": "^0.26.4"
    },
    "@teleporthq/teleport-publisher-vercel": {
      "version": "0.26.0",
      "signature": "4f033025fba1bbe51cf0a2c8e4783628",
      "file": true,
      "replaced": "^0.26.0"
    },
    "@teleporthq/teleport-shared": {
      "version": "0.26.0",
      "signature": "3712ee956b1e7caff2222b29b8d2cb36",
      "file": true,
      "replaced": "^0.26.0"
    },
    "@teleporthq/teleport-types": {
      "version": "0.26.0",
      "signature": "7e9da53cfe9f6cfdcc8fb43e5206b102",
      "file": true,
      "replaced": "^0.26.0"
    },
    "@teleporthq/teleport-publisher-zip": {
      "version": "0.26.0",
      "signature": "b8d44a29fcd2329ff75838267b579996",
      "file": true,
      "replaced": "^0.26.0"
    },
    "@teleporthq/teleport-project-packer": {
      "version": "0.26.0",
      "signature": "c8076fd340d88faf022a9a967dfdbc93",
      "file": true,
      "replaced": "^0.26.0"
    },
    "@teleporthq/teleport-project-plugin-contexts": {
      "version": "0.26.0",
      "signature": "fe8e3f9c952f924a109751edb2ca9a34",
      "file": true,
      "replaced": "^0.26.0"
    }
  }
}