{
  "name": "@teleporthq/teleport-component-generator-vue",
  "version": "0.7.0",
  "lockfileVersion": 1,
  "requires": true,
  "dependencies": {
    "@babel/generator": {
      "version": "7.4.4",
      "resolved": "https://registry.npmjs.org/@babel/generator/-/generator-7.4.4.tgz",
      "integrity": "sha512-53UOLK6TVNqKxf7RUh8NE851EHRxOOeVXKbK2bivdb+iziMyk03Sr4eaE9OELCbyZAAafAKPDwF2TPUES5QbxQ==",
      "requires": {
        "@babel/types": "^7.4.4",
        "jsesc": "^2.5.1",
        "lodash": "^4.17.11",
        "source-map": "^0.5.0",
        "trim-right": "^1.0.1"
      }
    },
    "@babel/types": {
      "version": "7.4.4",
      "resolved": "https://registry.npmjs.org/@babel/types/-/types-7.4.4.tgz",
      "integrity": "sha512-dOllgYdnEFOebhkKCjzSVFqw/PmmB8pH6RGOWkY4GsboQNd47b1fBThBSwlHAq9alF9vc1M3+6oqR47R50L0tQ==",
      "requires": {
        "esutils": "^2.0.2",
        "lodash": "^4.17.11",
        "to-fast-properties": "^2.0.0"
      }
    },
    "@starptech/prettyhtml-hast-to-html": {
      "version": "0.8.17",
      "resolved": "https://registry.npmjs.org/@starptech/prettyhtml-hast-to-html/-/prettyhtml-hast-to-html-0.8.17.tgz",
      "integrity": "sha512-WXVMJ60ra2Z/X91fXKLqBuCIJ+Xpc9PHSQ90ilzjocvziqKXkBGwio3oLjj/UKDSsh/gUZLsaTkXKFNFg/zx3w==",
      "requires": {
        "ccount": "^1.0.3",
        "comma-separated-tokens": "^1.0.5",
        "hast-util-is-element": "^1.0.1",
        "hast-util-whitespace": "^1.0.1",
        "html-void-elements": "^1.0.3",
        "html-whitespace-sensitive-tag-names": "^1.0.0",
        "property-information": "^5.0.1",
        "repeat-string": "^1.6.1",
        "space-separated-tokens": "^1.1.2",
        "stringify-entities": "^1.3.2",
        "unist-util-is": "^2.1.2",
        "xtend": "^4.0.1"
      }
    },
    "@teleporthq/teleport-component-generator": {
      "version": "0.7.0",
      "resolved": "https://registry.npmjs.org/@teleporthq/teleport-component-generator/-/teleport-component-generator-0.7.0.tgz",
      "integrity": "sha512-UkMmmio44X7CwihLPoIUKf1x0E4Ddrpwk7LkES/VVGseyx7U2Th5hfsBmFEaWNFLdfwXO3bENr1iR/TMplX7sg==",
      "requires": {
        "@babel/generator": "^7.4.0",
        "@babel/types": "^7.3.3",
        "@starptech/prettyhtml-hast-to-html": "^0.8.17",
        "@teleporthq/teleport-shared": "^0.7.0",
        "@teleporthq/teleport-types": "^0.7.0",
        "@teleporthq/teleport-uidl-validator": "^0.7.0"
      }
    },
    "@teleporthq/teleport-plugin-import-statements": {
      "version": "0.7.0",
      "resolved": "https://registry.npmjs.org/@teleporthq/teleport-plugin-import-statements/-/teleport-plugin-import-statements-0.7.0.tgz",
      "integrity": "sha512-7B6cu5/H2/ScO4M0b5DxuvobOJPMjvMY6Dp8aVV9xz8muGFAuG72oG99OpaSJtT51YDkDqzBLYoYVWddeANQQw==",
      "requires": {
        "@teleporthq/teleport-shared": "^0.7.0",
        "@teleporthq/teleport-types": "^0.7.0"
      }
    },
    "@teleporthq/teleport-plugin-vue-app-routing": {
      "version": "0.7.0",
      "resolved": "https://registry.npmjs.org/@teleporthq/teleport-plugin-vue-app-routing/-/teleport-plugin-vue-app-routing-0.7.0.tgz",
      "integrity": "sha512-oJx3J9h5yc1OjJr+SIcXoQ8/oTCN9OnrmemIK6PzD6dYu1sU4nYKcfQg1tkGKFJuacccux/lIo2XVVcv9lemSg==",
      "requires": {
        "@babel/types": "^7.3.3",
        "@teleporthq/teleport-shared": "^0.7.0",
        "@teleporthq/teleport-types": "^0.7.0"
      }
    },
    "@teleporthq/teleport-plugin-vue-base-component": {
      "version": "0.7.0",
      "resolved": "https://registry.npmjs.org/@teleporthq/teleport-plugin-vue-base-component/-/teleport-plugin-vue-base-component-0.7.0.tgz",
      "integrity": "sha512-Bl++17d0ItwphfZq5A4/tBx/m24Djb+ANKYo4hKrzODBmzfmo/5pvuxNgFsn74AFyb5C6scuYWkh0/srx7ZIlQ==",
      "requires": {
        "@babel/types": "^7.3.3",
        "@teleporthq/teleport-shared": "^0.7.0",
        "@teleporthq/teleport-types": "^0.7.0"
      }
    },
    "@teleporthq/teleport-plugin-vue-css": {
      "version": "0.7.0",
      "resolved": "https://registry.npmjs.org/@teleporthq/teleport-plugin-vue-css/-/teleport-plugin-vue-css-0.7.0.tgz",
      "integrity": "sha512-K/kxDwsRPoZA8I8uVRoEie179NeJIkY3ZTMYY+RhYUToHISgql/xM6dE85jnF2Xr3qGxnxZxxCWeNGnAom4zxw==",
      "requires": {
        "@teleporthq/teleport-shared": "^0.7.0",
        "@teleporthq/teleport-types": "^0.7.0"
      }
    },
    "@teleporthq/teleport-postprocessor-prettier-html": {
      "version": "0.7.0",
      "resolved": "https://registry.npmjs.org/@teleporthq/teleport-postprocessor-prettier-html/-/teleport-postprocessor-prettier-html-0.7.0.tgz",
      "integrity": "sha512-jiotXx3dNH5lBczn9lIQCEFObfwueqKE/MLG8FEAewzo0NHBVjiNk/os5Q53pGZAtSx+lRQrwZmHWFxkxjttfg==",
      "requires": {
        "@teleporthq/teleport-shared": "^0.7.0",
        "@teleporthq/teleport-types": "^0.7.0",
        "prettier": "^1.17.0"
      }
    },
    "@teleporthq/teleport-postprocessor-prettier-js": {
      "version": "0.7.0",
      "resolved": "https://registry.npmjs.org/@teleporthq/teleport-postprocessor-prettier-js/-/teleport-postprocessor-prettier-js-0.7.0.tgz",
      "integrity": "sha512-bVh5DaPSYV7H3IIWHl/PSuzxVEWS2NQJ/k/XIL9/adwldcHNJ/yBALflRn+mpw36xZGo6wG1fEN1hP8lm7BS4g==",
      "requires": {
        "@teleporthq/teleport-shared": "^0.7.0",
        "@teleporthq/teleport-types": "^0.7.0",
        "prettier": "^1.17.0"
      }
    },
    "@teleporthq/teleport-postprocessor-vue-file": {
      "version": "0.7.0",
      "resolved": "https://registry.npmjs.org/@teleporthq/teleport-postprocessor-vue-file/-/teleport-postprocessor-vue-file-0.7.0.tgz",
      "integrity": "sha512-mW8qKi5chEBtNmmMqyJaWtfMPZ/qSCA2H497e2fYaTdxMrnt+HXrXqsOBQfo+AmfSMges4mfGAYu/FWIeESI1Q==",
      "requires": {
        "@teleporthq/teleport-shared": "^0.7.0",
        "@teleporthq/teleport-types": "^0.7.0"
      }
    },
    "@teleporthq/teleport-shared": {
      "version": "0.7.0",
      "resolved": "https://registry.npmjs.org/@teleporthq/teleport-shared/-/teleport-shared-0.7.0.tgz",
      "integrity": "sha512-GOd6/EhD2FP6t7OAWGF3EFUD/+gMcsdPgwJMmVKGvcCQVjq622iqB4Zdmtc1HdPdTTR8FRvvjVq6OoQqgxmTRQ==",
      "requires": {
        "@babel/types": "^7.3.3",
        "@teleporthq/teleport-types": "^0.7.0",
        "jss": "^9.8.7",
        "jss-preset-default": "^4.5.0"
      }
    },
    "@teleporthq/teleport-types": {
      "version": "0.7.0",
      "resolved": "https://registry.npmjs.org/@teleporthq/teleport-types/-/teleport-types-0.7.0.tgz",
      "integrity": "sha512-roLMieTQq7qsUBLtqHiwNccuzmPmyVRJrGYyoJSC5MB9ReGWe6PbGLdMFOOImdSWa5De2E+rYKTr7wKbTotsgQ=="
    },
    "@teleporthq/teleport-uidl-validator": {
      "version": "0.7.0",
      "resolved": "https://registry.npmjs.org/@teleporthq/teleport-uidl-validator/-/teleport-uidl-validator-0.7.0.tgz",
      "integrity": "sha512-Hq/l35rRsFE2jKak2Ufas+3Va7CkqO6yKXRszQYYQ8/8JhVs+wEd72Bcq/pdazfCVi0F9UPq+I5U4yYtKK538A==",
      "requires": {
        "@teleporthq/teleport-shared": "^0.7.0",
        "@teleporthq/teleport-types": "^0.7.0",
        "ajv": "^6.10.0"
      }
    },
    "ajv": {
      "version": "6.10.0",
      "resolved": "https://registry.npmjs.org/ajv/-/ajv-6.10.0.tgz",
      "integrity": "sha512-nffhOpkymDECQyR0mnsUtoCE8RlX38G0rYP+wgLWFyZuUyuuojSSvi/+euOiQBIn63whYwYVIIH1TvE3tu4OEg==",
      "requires": {
        "fast-deep-equal": "^2.0.1",
        "fast-json-stable-stringify": "^2.0.0",
        "json-schema-traverse": "^0.4.1",
        "uri-js": "^4.2.2"
      }
    },
    "ccount": {
      "version": "1.0.4",
      "resolved": "https://registry.npmjs.org/ccount/-/ccount-1.0.4.tgz",
      "integrity": "sha512-fpZ81yYfzentuieinmGnphk0pLkOTMm6MZdVqwd77ROvhko6iujLNGrHH5E7utq3ygWklwfmwuG+A7P+NpqT6w=="
    },
    "character-entities-html4": {
      "version": "1.1.3",
      "resolved": "https://registry.npmjs.org/character-entities-html4/-/character-entities-html4-1.1.3.tgz",
      "integrity": "sha512-SwnyZ7jQBCRHELk9zf2CN5AnGEc2nA+uKMZLHvcqhpPprjkYhiLn0DywMHgN5ttFZuITMATbh68M6VIVKwJbcg=="
    },
    "character-entities-legacy": {
      "version": "1.1.3",
      "resolved": "https://registry.npmjs.org/character-entities-legacy/-/character-entities-legacy-1.1.3.tgz",
      "integrity": "sha512-YAxUpPoPwxYFsslbdKkhrGnXAtXoHNgYjlBM3WMXkWGTl5RsY3QmOyhwAgL8Nxm9l5LBThXGawxKPn68y6/fww=="
    },
    "comma-separated-tokens": {
      "version": "1.0.7",
      "resolved": "https://registry.npmjs.org/comma-separated-tokens/-/comma-separated-tokens-1.0.7.tgz",
      "integrity": "sha512-Jrx3xsP4pPv4AwJUDWY9wOXGtwPXARej6Xd99h4TUGotmf8APuquKMpK+dnD3UgyxK7OEWaisjZz+3b5jtL6xQ=="
    },
    "css-vendor": {
      "version": "0.3.8",
      "resolved": "https://registry.npmjs.org/css-vendor/-/css-vendor-0.3.8.tgz",
      "integrity": "sha1-ZCHP0wNM5mT+dnOXL9ARn8KJQfo=",
      "requires": {
        "is-in-browser": "^1.0.2"
      }
    },
    "esutils": {
      "version": "2.0.2",
      "resolved": "https://registry.npmjs.org/esutils/-/esutils-2.0.2.tgz",
      "integrity": "sha1-Cr9PHKpbyx96nYrMbepPqqBLrJs="
    },
    "fast-deep-equal": {
      "version": "2.0.1",
      "resolved": "https://registry.npmjs.org/fast-deep-equal/-/fast-deep-equal-2.0.1.tgz",
      "integrity": "sha1-ewUhjd+WZ79/Nwv3/bLLFf3Qqkk="
    },
    "fast-json-stable-stringify": {
      "version": "2.0.0",
      "resolved": "https://registry.npmjs.org/fast-json-stable-stringify/-/fast-json-stable-stringify-2.0.0.tgz",
      "integrity": "sha1-1RQsDK7msRifh9OnYREGT4bIu/I="
    },
    "hast-util-is-element": {
      "version": "1.0.3",
      "resolved": "https://registry.npmjs.org/hast-util-is-element/-/hast-util-is-element-1.0.3.tgz",
      "integrity": "sha512-C62CVn7jbjp89yOhhy7vrkSaB7Vk906Gtcw/Ihd+Iufnq+2pwOZjdPmpzpKLWJXPJBMDX3wXg4FqmdOayPcewA=="
    },
    "hast-util-whitespace": {
      "version": "1.0.3",
      "resolved": "https://registry.npmjs.org/hast-util-whitespace/-/hast-util-whitespace-1.0.3.tgz",
      "integrity": "sha512-AlkYiLTTwPOyxZ8axq2/bCwRUPjIPBfrHkXuCR92B38b3lSdU22R5F/Z4DL6a2kxWpekWq1w6Nj48tWat6GeRA=="
    },
    "html-void-elements": {
      "version": "1.0.4",
      "resolved": "https://registry.npmjs.org/html-void-elements/-/html-void-elements-1.0.4.tgz",
      "integrity": "sha512-yMk3naGPLrfvUV9TdDbuYXngh/TpHbA6TrOw3HL9kS8yhwx7i309BReNg7CbAJXGE+UMJ6je5OqJ7lC63o6YuQ=="
    },
    "html-whitespace-sensitive-tag-names": {
      "version": "1.0.1",
      "resolved": "https://registry.npmjs.org/html-whitespace-sensitive-tag-names/-/html-whitespace-sensitive-tag-names-1.0.1.tgz",
      "integrity": "sha512-TMdAWVry7Ld0k2sLqpHkWsFAHmU+VZZq/nR4bfwfxThD8q3ibhrpRTywyQkEiunYiZXmJ6gRcJiLbZm+jbQPgQ=="
    },
    "hyphenate-style-name": {
      "version": "1.0.3",
      "resolved": "https://registry.npmjs.org/hyphenate-style-name/-/hyphenate-style-name-1.0.3.tgz",
      "integrity": "sha512-EcuixamT82oplpoJ2XU4pDtKGWQ7b00CD9f1ug9IaQ3p1bkHMiKCZ9ut9QDI6qsa6cpUuB+A/I+zLtdNK4n2DQ=="
    },
    "is-alphabetical": {
      "version": "1.0.3",
      "resolved": "https://registry.npmjs.org/is-alphabetical/-/is-alphabetical-1.0.3.tgz",
      "integrity": "sha512-eEMa6MKpHFzw38eKm56iNNi6GJ7lf6aLLio7Kr23sJPAECscgRtZvOBYybejWDQ2bM949Y++61PY+udzj5QMLA=="
    },
    "is-alphanumerical": {
      "version": "1.0.3",
      "resolved": "https://registry.npmjs.org/is-alphanumerical/-/is-alphanumerical-1.0.3.tgz",
      "integrity": "sha512-A1IGAPO5AW9vSh7omxIlOGwIqEvpW/TA+DksVOPM5ODuxKlZS09+TEM1E3275lJqO2oJ38vDpeAL3DCIiHE6eA==",
      "requires": {
        "is-alphabetical": "^1.0.0",
        "is-decimal": "^1.0.0"
      }
    },
    "is-decimal": {
      "version": "1.0.3",
      "resolved": "https://registry.npmjs.org/is-decimal/-/is-decimal-1.0.3.tgz",
      "integrity": "sha512-bvLSwoDg2q6Gf+E2LEPiklHZxxiSi3XAh4Mav65mKqTfCO1HM3uBs24TjEH8iJX3bbDdLXKJXBTmGzuTUuAEjQ=="
    },
    "is-hexadecimal": {
      "version": "1.0.3",
      "resolved": "https://registry.npmjs.org/is-hexadecimal/-/is-hexadecimal-1.0.3.tgz",
      "integrity": "sha512-zxQ9//Q3D/34poZf8fiy3m3XVpbQc7ren15iKqrTtLPwkPD/t3Scy9Imp63FujULGxuK0ZlCwoo5xNpktFgbOA=="
    },
    "is-in-browser": {
      "version": "1.1.3",
      "resolved": "https://registry.npmjs.org/is-in-browser/-/is-in-browser-1.1.3.tgz",
      "integrity": "sha1-Vv9NtoOgeMYILrldrX3GLh0E+DU="
    },
    "js-tokens": {
      "version": "4.0.0",
      "resolved": "https://registry.npmjs.org/js-tokens/-/js-tokens-4.0.0.tgz",
      "integrity": "sha512-RdJUflcE3cUzKiMqQgsCu06FPu9UdIJO0beYbPhHN4k6apgJtifcoCtT9bcxOpYBtpD2kCM6Sbzg4CausW/PKQ=="
    },
    "jsesc": {
      "version": "2.5.2",
      "resolved": "https://registry.npmjs.org/jsesc/-/jsesc-2.5.2.tgz",
      "integrity": "sha512-OYu7XEzjkCQ3C5Ps3QIZsQfNpqoJyZZA99wd9aWd05NCtC5pWOkShK2mkL6HXQR6/Cy2lbNdPlZBpuQHXE63gA=="
    },
    "json-schema-traverse": {
      "version": "0.4.1",
      "resolved": "https://registry.npmjs.org/json-schema-traverse/-/json-schema-traverse-0.4.1.tgz",
      "integrity": "sha512-xbbCH5dCYU5T8LcEhhuh7HJ88HXuW3qsI3Y0zOZFKfZEHcpWiHU/Jxzk629Brsab/mMiHQti9wMP+845RPe3Vg=="
    },
    "jss": {
      "version": "9.8.7",
      "resolved": "https://registry.npmjs.org/jss/-/jss-9.8.7.tgz",
      "integrity": "sha512-awj3XRZYxbrmmrx9LUSj5pXSUfm12m8xzi/VKeqI1ZwWBtQ0kVPTs3vYs32t4rFw83CgFDukA8wKzOE9sMQnoQ==",
      "requires": {
        "is-in-browser": "^1.1.3",
        "symbol-observable": "^1.1.0",
        "warning": "^3.0.0"
      }
    },
    "jss-camel-case": {
      "version": "6.1.0",
      "resolved": "https://registry.npmjs.org/jss-camel-case/-/jss-camel-case-6.1.0.tgz",
      "integrity": "sha512-HPF2Q7wmNW1t79mCqSeU2vdd/vFFGpkazwvfHMOhPlMgXrJDzdj9viA2SaHk9ZbD5pfL63a8ylp4++irYbbzMQ==",
      "requires": {
        "hyphenate-style-name": "^1.0.2"
      }
    },
    "jss-compose": {
      "version": "5.0.0",
      "resolved": "https://registry.npmjs.org/jss-compose/-/jss-compose-5.0.0.tgz",
      "integrity": "sha512-YofRYuiA0+VbeOw0VjgkyO380sA4+TWDrW52nSluD9n+1FWOlDzNbgpZ/Sb3Y46+DcAbOS21W5jo6SAqUEiuwA==",
      "requires": {
        "warning": "^3.0.0"
      }
    },
    "jss-default-unit": {
      "version": "8.0.2",
      "resolved": "https://registry.npmjs.org/jss-default-unit/-/jss-default-unit-8.0.2.tgz",
      "integrity": "sha512-WxNHrF/18CdoAGw2H0FqOEvJdREXVXLazn7PQYU7V6/BWkCV0GkmWsppNiExdw8dP4TU1ma1dT9zBNJ95feLmg=="
    },
    "jss-expand": {
      "version": "5.3.0",
      "resolved": "https://registry.npmjs.org/jss-expand/-/jss-expand-5.3.0.tgz",
      "integrity": "sha512-NiM4TbDVE0ykXSAw6dfFmB1LIqXP/jdd0ZMnlvlGgEMkMt+weJIl8Ynq1DsuBY9WwkNyzWktdqcEW2VN0RAtQg=="
    },
    "jss-extend": {
      "version": "6.2.0",
      "resolved": "https://registry.npmjs.org/jss-extend/-/jss-extend-6.2.0.tgz",
      "integrity": "sha512-YszrmcB6o9HOsKPszK7NeDBNNjVyiW864jfoiHoMlgMIg2qlxKw70axZHqgczXHDcoyi/0/ikP1XaHDPRvYtEA==",
      "requires": {
        "warning": "^3.0.0"
      }
    },
    "jss-global": {
      "version": "3.0.0",
      "resolved": "https://registry.npmjs.org/jss-global/-/jss-global-3.0.0.tgz",
      "integrity": "sha512-wxYn7vL+TImyQYGAfdplg7yaxnPQ9RaXY/cIA8hawaVnmmWxDHzBK32u1y+RAvWboa3lW83ya3nVZ/C+jyjZ5Q=="
    },
    "jss-nested": {
      "version": "6.0.1",
      "resolved": "https://registry.npmjs.org/jss-nested/-/jss-nested-6.0.1.tgz",
      "integrity": "sha512-rn964TralHOZxoyEgeq3hXY8hyuCElnvQoVrQwKHVmu55VRDd6IqExAx9be5HgK0yN/+hQdgAXQl/GUrBbbSTA==",
      "requires": {
        "warning": "^3.0.0"
      }
    },
    "jss-preset-default": {
      "version": "4.5.0",
      "resolved": "https://registry.npmjs.org/jss-preset-default/-/jss-preset-default-4.5.0.tgz",
      "integrity": "sha512-qZbpRVtHT7hBPpZEBPFfafZKWmq3tA/An5RNqywDsZQGrlinIF/mGD9lmj6jGqu8GrED2SMHZ3pPKLmjCZoiaQ==",
      "requires": {
        "jss-camel-case": "^6.1.0",
        "jss-compose": "^5.0.0",
        "jss-default-unit": "^8.0.2",
        "jss-expand": "^5.3.0",
        "jss-extend": "^6.2.0",
        "jss-global": "^3.0.0",
        "jss-nested": "^6.0.1",
        "jss-props-sort": "^6.0.0",
        "jss-template": "^1.0.1",
        "jss-vendor-prefixer": "^7.0.0"
      }
    },
    "jss-props-sort": {
      "version": "6.0.0",
      "resolved": "https://registry.npmjs.org/jss-props-sort/-/jss-props-sort-6.0.0.tgz",
      "integrity": "sha512-E89UDcrphmI0LzmvYk25Hp4aE5ZBsXqMWlkFXS0EtPkunJkRr+WXdCNYbXbksIPnKlBenGB9OxzQY+mVc70S+g=="
    },
    "jss-template": {
      "version": "1.0.1",
      "resolved": "https://registry.npmjs.org/jss-template/-/jss-template-1.0.1.tgz",
      "integrity": "sha512-m5BqEWha17fmIVXm1z8xbJhY6GFJxNB9H68GVnCWPyGYfxiAgY9WTQyvDAVj+pYRgrXSOfN5V1T4+SzN1sJTeg==",
      "requires": {
        "warning": "^3.0.0"
      }
    },
    "jss-vendor-prefixer": {
      "version": "7.0.0",
      "resolved": "https://registry.npmjs.org/jss-vendor-prefixer/-/jss-vendor-prefixer-7.0.0.tgz",
      "integrity": "sha512-Agd+FKmvsI0HLcYXkvy8GYOw3AAASBUpsmIRvVQheps+JWaN892uFOInTr0DRydwaD91vSSUCU4NssschvF7MA==",
      "requires": {
        "css-vendor": "^0.3.8"
      }
    },
    "lodash": {
      "version": "4.17.11",
      "resolved": "https://registry.npmjs.org/lodash/-/lodash-4.17.11.tgz",
      "integrity": "sha512-cQKh8igo5QUhZ7lg38DYWAxMvjSAKG0A8wGSVimP07SIUEK2UO+arSRKbRZWtelMtN5V0Hkwh5ryOto/SshYIg=="
    },
    "loose-envify": {
      "version": "1.4.0",
      "resolved": "https://registry.npmjs.org/loose-envify/-/loose-envify-1.4.0.tgz",
      "integrity": "sha512-lyuxPGr/Wfhrlem2CL/UcnUc1zcqKAImBDzukY7Y5F/yQiNdko6+fRLevlw1HgMySw7f611UIY408EtxRSoK3Q==",
      "requires": {
        "js-tokens": "^3.0.0 || ^4.0.0"
      }
    },
    "prettier": {
      "version": "1.18.2",
      "resolved": "https://registry.npmjs.org/prettier/-/prettier-1.18.2.tgz",
      "integrity": "sha512-OeHeMc0JhFE9idD4ZdtNibzY0+TPHSpSSb9h8FqtP+YnoZZ1sl8Vc9b1sasjfymH3SonAF4QcA2+mzHPhMvIiw=="
    },
    "property-information": {
      "version": "5.1.0",
      "resolved": "https://registry.npmjs.org/property-information/-/property-information-5.1.0.tgz",
      "integrity": "sha512-tODH6R3+SwTkAQckSp2S9xyYX8dEKYkeXw+4TmJzTxnNzd6mQPu1OD4f9zPrvw/Rm4wpPgI+Zp63mNSGNzUgHg==",
      "requires": {
        "xtend": "^4.0.1"
      }
    },
    "punycode": {
      "version": "2.1.1",
      "resolved": "https://registry.npmjs.org/punycode/-/punycode-2.1.1.tgz",
      "integrity": "sha512-XRsRjdf+j5ml+y/6GKHPZbrF/8p2Yga0JPtdqTIY2Xe5ohJPD9saDJJLPvp9+NSBprVvevdXZybnj2cv8OEd0A=="
    },
    "repeat-string": {
      "version": "1.6.1",
      "resolved": "https://registry.npmjs.org/repeat-string/-/repeat-string-1.6.1.tgz",
      "integrity": "sha1-jcrkcOHIirwtYA//Sndihtp15jc="
    },
    "source-map": {
      "version": "0.5.7",
      "resolved": "https://registry.npmjs.org/source-map/-/source-map-0.5.7.tgz",
      "integrity": "sha1-igOdLRAh0i0eoUyA2OpGi6LvP8w="
    },
    "space-separated-tokens": {
      "version": "1.1.4",
      "resolved": "https://registry.npmjs.org/space-separated-tokens/-/space-separated-tokens-1.1.4.tgz",
      "integrity": "sha512-UyhMSmeIqZrQn2UdjYpxEkwY9JUrn8pP+7L4f91zRzOQuI8MF1FGLfYU9DKCYeLdo7LXMxwrX5zKFy7eeeVHuA=="
    },
    "stringify-entities": {
      "version": "1.3.2",
      "resolved": "https://registry.npmjs.org/stringify-entities/-/stringify-entities-1.3.2.tgz",
      "integrity": "sha512-nrBAQClJAPN2p+uGCVJRPIPakKeKWZ9GtBCmormE7pWOSlHat7+x5A8gx85M7HM5Dt0BP3pP5RhVW77WdbJJ3A==",
      "requires": {
        "character-entities-html4": "^1.0.0",
        "character-entities-legacy": "^1.0.0",
        "is-alphanumerical": "^1.0.0",
        "is-hexadecimal": "^1.0.0"
      }
    },
    "symbol-observable": {
      "version": "1.2.0",
      "resolved": "https://registry.npmjs.org/symbol-observable/-/symbol-observable-1.2.0.tgz",
      "integrity": "sha512-e900nM8RRtGhlV36KGEU9k65K3mPb1WV70OdjfxlG2EAuM1noi/E/BaW/uMhL7bPEssK8QV57vN3esixjUvcXQ=="
    },
    "to-fast-properties": {
      "version": "2.0.0",
      "resolved": "https://registry.npmjs.org/to-fast-properties/-/to-fast-properties-2.0.0.tgz",
      "integrity": "sha1-3F5pjL0HkmW8c+A3doGk5Og/YW4="
    },
    "trim-right": {
      "version": "1.0.1",
      "resolved": "https://registry.npmjs.org/trim-right/-/trim-right-1.0.1.tgz",
      "integrity": "sha1-yy4SAwZ+DI3h9hQJS5/kVwTqYAM="
    },
    "unist-util-is": {
      "version": "2.1.3",
      "resolved": "https://registry.npmjs.org/unist-util-is/-/unist-util-is-2.1.3.tgz",
      "integrity": "sha512-4WbQX2iwfr/+PfM4U3zd2VNXY+dWtZsN1fLnWEi2QQXA4qyDYAZcDMfXUX0Cu6XZUHHAO9q4nyxxLT4Awk1qUA=="
    },
    "uri-js": {
      "version": "4.2.2",
      "resolved": "https://registry.npmjs.org/uri-js/-/uri-js-4.2.2.tgz",
      "integrity": "sha512-KY9Frmirql91X2Qgjry0Wd4Y+YTdrdZheS8TFwvkbLWf/G5KNJDCh6pKL5OZctEW4+0Baa5idK2ZQuELRwPznQ==",
      "requires": {
        "punycode": "^2.1.0"
      }
    },
    "warning": {
      "version": "3.0.0",
      "resolved": "https://registry.npmjs.org/warning/-/warning-3.0.0.tgz",
      "integrity": "sha1-MuU3fLVy3kqwR1O9+IIcAe1gW3w=",
      "requires": {
        "loose-envify": "^1.0.0"
      }
    },
    "xtend": {
      "version": "4.0.1",
      "resolved": "https://registry.npmjs.org/xtend/-/xtend-4.0.1.tgz",
      "integrity": "sha1-pcbVMr5lbiPbgg77lDofBJmNY68="
    }
  }
}
